// !$*UTF8*$!
{
	archiveVersion = 1;
	classes = {
	};
	objectVersion = 46;
	objects = {

/* Begin PBXBuildFile section */
		26D019781B84FF0400C5C73D /* bubbleparticle.png in Resources */ = {isa = PBXBuildFile; fileRef = 26D019771B84FF0400C5C73D /* bubbleparticle.png */; };
		5E3F1CB61B82658600F27D49 /* FlappyStoneNode.swift in Sources */ = {isa = PBXBuildFile; fileRef = 5E3F1CB51B82658600F27D49 /* FlappyStoneNode.swift */; };
		5E60396C1B84F03100F63DC3 /* bubble.atlas in Resources */ = {isa = PBXBuildFile; fileRef = 5E60396B1B84F03100F63DC3 /* bubble.atlas */; };
		5E6039741B85017700F63DC3 /* rock.atlas in Resources */ = {isa = PBXBuildFile; fileRef = 5E6039731B85017700F63DC3 /* rock.atlas */; };
		5E7DCE911B82447B00229F04 /* FlappyPlayerNode.swift in Sources */ = {isa = PBXBuildFile; fileRef = 5E7DCE901B82447B00229F04 /* FlappyPlayerNode.swift */; };
		5E8F9DD71B7D0052004514D0 /* InitialViewController.swift in Sources */ = {isa = PBXBuildFile; fileRef = 5E8F9DD61B7D0052004514D0 /* InitialViewController.swift */; };
		5E8F9DDC1B7D0305004514D0 /* IpadConnectionViewController.swift in Sources */ = {isa = PBXBuildFile; fileRef = 5E8F9DDB1B7D0305004514D0 /* IpadConnectionViewController.swift */; };
		5E8F9DDE1B7D0986004514D0 /* IphoneConnectionViewController.swift in Sources */ = {isa = PBXBuildFile; fileRef = 5E8F9DDD1B7D0986004514D0 /* IphoneConnectionViewController.swift */; };
		5E8F9DE11B7D1663004514D0 /* Array+Extension.swift in Sources */ = {isa = PBXBuildFile; fileRef = 5E8F9DE01B7D1663004514D0 /* Array+Extension.swift */; };
		5EB9EE6F1B8412A90003C980 /* FlappyPowerupNode.swift in Sources */ = {isa = PBXBuildFile; fileRef = 5EB9EE6E1B8412A90003C980 /* FlappyPowerupNode.swift */; };
		5ED9E87C1B7127DC0073FB7B /* FlappyGameViewController.swift in Sources */ = {isa = PBXBuildFile; fileRef = 5ED9E87B1B7127DC0073FB7B /* FlappyGameViewController.swift */; };
		5ED9E87E1B7128060073FB7B /* FlappyGameScene.swift in Sources */ = {isa = PBXBuildFile; fileRef = 5ED9E87D1B7128060073FB7B /* FlappyGameScene.swift */; };
		B51663EF1B7D0D720040A1B4 /* GamePadController.swift in Sources */ = {isa = PBXBuildFile; fileRef = B51663EE1B7D0D720040A1B4 /* GamePadController.swift */; };
		B5F60BBA1B83B76E00786728 /* MyParticle.sks in Resources */ = {isa = PBXBuildFile; fileRef = B5F60BB81B83B76E00786728 /* MyParticle.sks */; };
		B5F60BBB1B83B76E00786728 /* spark.png in Resources */ = {isa = PBXBuildFile; fileRef = B5F60BB91B83B76E00786728 /* spark.png */; };
		B5F60BBE1B83C36C00786728 /* Player.swift in Sources */ = {isa = PBXBuildFile; fileRef = B5F60BBD1B83C36C00786728 /* Player.swift */; };
		B5F60BC01B84ECB500786728 /* FlappyParticleNode.swift in Sources */ = {isa = PBXBuildFile; fileRef = B5F60BBF1B84ECB500786728 /* FlappyParticleNode.swift */; };
		B5F60BC21B84FA0400786728 /* MyParticle2.sks in Resources */ = {isa = PBXBuildFile; fileRef = B5F60BC11B84FA0400786728 /* MyParticle2.sks */; };
		DB458B731B5409B90066B38C /* AppDelegate.swift in Sources */ = {isa = PBXBuildFile; fileRef = DB458B721B5409B90066B38C /* AppDelegate.swift */; };
		DB458B761B5409B90066B38C /* FinalChallenge.xcdatamodeld in Sources */ = {isa = PBXBuildFile; fileRef = DB458B741B5409B90066B38C /* FinalChallenge.xcdatamodeld */; };
		DB458B781B5409B90066B38C /* ViewController.swift in Sources */ = {isa = PBXBuildFile; fileRef = DB458B771B5409B90066B38C /* ViewController.swift */; };
		DB458B7B1B5409B90066B38C /* Main.storyboard in Resources */ = {isa = PBXBuildFile; fileRef = DB458B791B5409B90066B38C /* Main.storyboard */; };
		DB458B7D1B5409B90066B38C /* Images.xcassets in Resources */ = {isa = PBXBuildFile; fileRef = DB458B7C1B5409B90066B38C /* Images.xcassets */; };
		DB458B801B5409B90066B38C /* LaunchScreen.xib in Resources */ = {isa = PBXBuildFile; fileRef = DB458B7E1B5409B90066B38C /* LaunchScreen.xib */; };
		DB458B8C1B5409B90066B38C /* FinalChallengeTests.swift in Sources */ = {isa = PBXBuildFile; fileRef = DB458B8B1B5409B90066B38C /* FinalChallengeTests.swift */; };
		DB4E51FF1B714194008333D3 /* ConnectionManager.swift in Sources */ = {isa = PBXBuildFile; fileRef = DB4E51FE1B714194008333D3 /* ConnectionManager.swift */; };
		DB73E8121B72834400F7D7C7 /* BoardController.swift in Sources */ = {isa = PBXBuildFile; fileRef = DB73E8111B72834400F7D7C7 /* BoardController.swift */; };
		DB73E8141B72838D00F7D7C7 /* Board.sks in Resources */ = {isa = PBXBuildFile; fileRef = DB73E8131B72838D00F7D7C7 /* Board.sks */; };
		DB73E8161B7286A800F7D7C7 /* BoardViewController.swift in Sources */ = {isa = PBXBuildFile; fileRef = DB73E8151B7286A800F7D7C7 /* BoardViewController.swift */; };
		DB98FEA61B825ED300AD5098 /* board_1.xml in Resources */ = {isa = PBXBuildFile; fileRef = DB98FEA51B825ED300AD5098 /* board_1.xml */; };
		DBC57FE21B83AEA200CA0232 /* XMLParser.swift in Sources */ = {isa = PBXBuildFile; fileRef = DBC57FE11B83AEA200CA0232 /* XMLParser.swift */; };
		DBC57FE41B83AEC300CA0232 /* BoardScene.swift in Sources */ = {isa = PBXBuildFile; fileRef = DBC57FE31B83AEC300CA0232 /* BoardScene.swift */; };
/* End PBXBuildFile section */

/* Begin PBXContainerItemProxy section */
		DB458B861B5409B90066B38C /* PBXContainerItemProxy */ = {
			isa = PBXContainerItemProxy;
			containerPortal = DB458B651B5409B90066B38C /* Project object */;
			proxyType = 1;
			remoteGlobalIDString = DB458B6C1B5409B90066B38C;
			remoteInfo = FinalChallenge;
		};
/* End PBXContainerItemProxy section */

/* Begin PBXFileReference section */
		26D019771B84FF0400C5C73D /* bubbleparticle.png */ = {isa = PBXFileReference; lastKnownFileType = image.png; path = bubbleparticle.png; sourceTree = "<group>"; };
		5E3F1CB51B82658600F27D49 /* FlappyStoneNode.swift */ = {isa = PBXFileReference; fileEncoding = 4; lastKnownFileType = sourcecode.swift; path = FlappyStoneNode.swift; sourceTree = "<group>"; };
		5E60396B1B84F03100F63DC3 /* bubble.atlas */ = {isa = PBXFileReference; lastKnownFileType = folder.skatlas; path = bubble.atlas; sourceTree = "<group>"; };
		5E6039731B85017700F63DC3 /* rock.atlas */ = {isa = PBXFileReference; lastKnownFileType = folder.skatlas; path = rock.atlas; sourceTree = "<group>"; };
		5E7DCE901B82447B00229F04 /* FlappyPlayerNode.swift */ = {isa = PBXFileReference; fileEncoding = 4; lastKnownFileType = sourcecode.swift; path = FlappyPlayerNode.swift; sourceTree = "<group>"; };
		5E8F9DD61B7D0052004514D0 /* InitialViewController.swift */ = {isa = PBXFileReference; fileEncoding = 4; lastKnownFileType = sourcecode.swift; path = InitialViewController.swift; sourceTree = "<group>"; };
		5E8F9DDB1B7D0305004514D0 /* IpadConnectionViewController.swift */ = {isa = PBXFileReference; fileEncoding = 4; lastKnownFileType = sourcecode.swift; path = IpadConnectionViewController.swift; sourceTree = "<group>"; };
		5E8F9DDD1B7D0986004514D0 /* IphoneConnectionViewController.swift */ = {isa = PBXFileReference; fileEncoding = 4; lastKnownFileType = sourcecode.swift; path = IphoneConnectionViewController.swift; sourceTree = "<group>"; };
		5E8F9DE01B7D1663004514D0 /* Array+Extension.swift */ = {isa = PBXFileReference; fileEncoding = 4; lastKnownFileType = sourcecode.swift; path = "Array+Extension.swift"; sourceTree = "<group>"; };
		5EB9EE6E1B8412A90003C980 /* FlappyPowerupNode.swift */ = {isa = PBXFileReference; fileEncoding = 4; lastKnownFileType = sourcecode.swift; path = FlappyPowerupNode.swift; sourceTree = "<group>"; };
		5ED9E87B1B7127DC0073FB7B /* FlappyGameViewController.swift */ = {isa = PBXFileReference; fileEncoding = 4; lastKnownFileType = sourcecode.swift; path = FlappyGameViewController.swift; sourceTree = "<group>"; };
		5ED9E87D1B7128060073FB7B /* FlappyGameScene.swift */ = {isa = PBXFileReference; fileEncoding = 4; lastKnownFileType = sourcecode.swift; path = FlappyGameScene.swift; sourceTree = "<group>"; };
		B51663EE1B7D0D720040A1B4 /* GamePadController.swift */ = {isa = PBXFileReference; fileEncoding = 4; lastKnownFileType = sourcecode.swift; path = GamePadController.swift; sourceTree = "<group>"; };
		B5F60BB81B83B76E00786728 /* MyParticle.sks */ = {isa = PBXFileReference; lastKnownFileType = file.sks; path = MyParticle.sks; sourceTree = "<group>"; };
		B5F60BB91B83B76E00786728 /* spark.png */ = {isa = PBXFileReference; lastKnownFileType = image.png; path = spark.png; sourceTree = "<group>"; };
		B5F60BBD1B83C36C00786728 /* Player.swift */ = {isa = PBXFileReference; fileEncoding = 4; lastKnownFileType = sourcecode.swift; path = Player.swift; sourceTree = "<group>"; };
		B5F60BBF1B84ECB500786728 /* FlappyParticleNode.swift */ = {isa = PBXFileReference; fileEncoding = 4; lastKnownFileType = sourcecode.swift; path = FlappyParticleNode.swift; sourceTree = "<group>"; };
		B5F60BC11B84FA0400786728 /* MyParticle2.sks */ = {isa = PBXFileReference; lastKnownFileType = file.sks; path = MyParticle2.sks; sourceTree = "<group>"; };
		DB458B6D1B5409B90066B38C /* FinalChallenge.app */ = {isa = PBXFileReference; explicitFileType = wrapper.application; includeInIndex = 0; path = FinalChallenge.app; sourceTree = BUILT_PRODUCTS_DIR; };
		DB458B711B5409B90066B38C /* Info.plist */ = {isa = PBXFileReference; lastKnownFileType = text.plist.xml; path = Info.plist; sourceTree = "<group>"; };
		DB458B721B5409B90066B38C /* AppDelegate.swift */ = {isa = PBXFileReference; lastKnownFileType = sourcecode.swift; path = AppDelegate.swift; sourceTree = "<group>"; };
		DB458B751B5409B90066B38C /* FinalChallenge.xcdatamodel */ = {isa = PBXFileReference; lastKnownFileType = wrapper.xcdatamodel; path = FinalChallenge.xcdatamodel; sourceTree = "<group>"; };
		DB458B771B5409B90066B38C /* ViewController.swift */ = {isa = PBXFileReference; lastKnownFileType = sourcecode.swift; path = ViewController.swift; sourceTree = "<group>"; };
		DB458B7A1B5409B90066B38C /* Base */ = {isa = PBXFileReference; lastKnownFileType = file.storyboard; name = Base; path = Base.lproj/Main.storyboard; sourceTree = "<group>"; };
		DB458B7C1B5409B90066B38C /* Images.xcassets */ = {isa = PBXFileReference; lastKnownFileType = folder.assetcatalog; path = Images.xcassets; sourceTree = "<group>"; };
		DB458B7F1B5409B90066B38C /* Base */ = {isa = PBXFileReference; lastKnownFileType = file.xib; name = Base; path = Base.lproj/LaunchScreen.xib; sourceTree = "<group>"; };
		DB458B851B5409B90066B38C /* FinalChallengeTests.xctest */ = {isa = PBXFileReference; explicitFileType = wrapper.cfbundle; includeInIndex = 0; path = FinalChallengeTests.xctest; sourceTree = BUILT_PRODUCTS_DIR; };
		DB458B8A1B5409B90066B38C /* Info.plist */ = {isa = PBXFileReference; lastKnownFileType = text.plist.xml; path = Info.plist; sourceTree = "<group>"; };
		DB458B8B1B5409B90066B38C /* FinalChallengeTests.swift */ = {isa = PBXFileReference; lastKnownFileType = sourcecode.swift; path = FinalChallengeTests.swift; sourceTree = "<group>"; };
		DB4E51FE1B714194008333D3 /* ConnectionManager.swift */ = {isa = PBXFileReference; fileEncoding = 4; lastKnownFileType = sourcecode.swift; path = ConnectionManager.swift; sourceTree = "<group>"; };
		DB73E8111B72834400F7D7C7 /* BoardController.swift */ = {isa = PBXFileReference; fileEncoding = 4; lastKnownFileType = sourcecode.swift; path = BoardController.swift; sourceTree = "<group>"; };
		DB73E8131B72838D00F7D7C7 /* Board.sks */ = {isa = PBXFileReference; lastKnownFileType = file.sks; path = Board.sks; sourceTree = "<group>"; };
		DB73E8151B7286A800F7D7C7 /* BoardViewController.swift */ = {isa = PBXFileReference; fileEncoding = 4; lastKnownFileType = sourcecode.swift; path = BoardViewController.swift; sourceTree = "<group>"; };
		DB98FEA51B825ED300AD5098 /* board_1.xml */ = {isa = PBXFileReference; fileEncoding = 4; lastKnownFileType = text.xml; path = board_1.xml; sourceTree = "<group>"; };
		DBC57FE11B83AEA200CA0232 /* XMLParser.swift */ = {isa = PBXFileReference; fileEncoding = 4; lastKnownFileType = sourcecode.swift; path = XMLParser.swift; sourceTree = "<group>"; };
		DBC57FE31B83AEC300CA0232 /* BoardScene.swift */ = {isa = PBXFileReference; fileEncoding = 4; lastKnownFileType = sourcecode.swift; path = BoardScene.swift; sourceTree = "<group>"; };
/* End PBXFileReference section */

/* Begin PBXFrameworksBuildPhase section */
		DB458B6A1B5409B90066B38C /* Frameworks */ = {
			isa = PBXFrameworksBuildPhase;
			buildActionMask = 2147483647;
			files = (
			);
			runOnlyForDeploymentPostprocessing = 0;
		};
		DB458B821B5409B90066B38C /* Frameworks */ = {
			isa = PBXFrameworksBuildPhase;
			buildActionMask = 2147483647;
			files = (
			);
			runOnlyForDeploymentPostprocessing = 0;
		};
/* End PBXFrameworksBuildPhase section */

/* Begin PBXGroup section */
		5E8F9DD81B7D0093004514D0 /* ViewControllers */ = {
			isa = PBXGroup;
			children = (
				DB458B771B5409B90066B38C /* ViewController.swift */,
				5E8F9DD61B7D0052004514D0 /* InitialViewController.swift */,
				5E8F9DDB1B7D0305004514D0 /* IpadConnectionViewController.swift */,
				5E8F9DDD1B7D0986004514D0 /* IphoneConnectionViewController.swift */,
			);
			name = ViewControllers;
			sourceTree = "<group>";
		};
		5E8F9DDF1B7D1651004514D0 /* Extensions */ = {
			isa = PBXGroup;
			children = (
				5E8F9DE01B7D1663004514D0 /* Array+Extension.swift */,
			);
			name = Extensions;
			sourceTree = "<group>";
		};
		5ED9E8771B7127760073FB7B /* FlappyGame */ = {
			isa = PBXGroup;
			children = (
				B5F60BB71B83B73100786728 /* Resources */,
				5ED9E87B1B7127DC0073FB7B /* FlappyGameViewController.swift */,
				5ED9E87D1B7128060073FB7B /* FlappyGameScene.swift */,
				5E7DCE901B82447B00229F04 /* FlappyPlayerNode.swift */,
				5E3F1CB51B82658600F27D49 /* FlappyStoneNode.swift */,
				5EB9EE6E1B8412A90003C980 /* FlappyPowerupNode.swift */,
				B5F60BBF1B84ECB500786728 /* FlappyParticleNode.swift */,
			);
			name = FlappyGame;
			sourceTree = "<group>";
		};
		5ED9E8781B7127830073FB7B /* Minigames */ = {
			isa = PBXGroup;
			children = (
				5ED9E8771B7127760073FB7B /* FlappyGame */,
			);
			name = Minigames;
			sourceTree = "<group>";
		};
		B5F60BB71B83B73100786728 /* Resources */ = {
			isa = PBXGroup;
			children = (
				B5F60BB81B83B76E00786728 /* MyParticle.sks */,
				26D019771B84FF0400C5C73D /* bubbleparticle.png */,
				B5F60BB91B83B76E00786728 /* spark.png */,
				B5F60BC11B84FA0400786728 /* MyParticle2.sks */,
			);
			name = Resources;
			sourceTree = "<group>";
		};
		B5F60BBC1B83C35800786728 /* Model */ = {
			isa = PBXGroup;
			children = (
				B5F60BBD1B83C36C00786728 /* Player.swift */,
			);
			name = Model;
			sourceTree = "<group>";
		};
		DB458B641B5409B90066B38C = {
			isa = PBXGroup;
			children = (
				DB458B6F1B5409B90066B38C /* FinalChallenge */,
				DB458B881B5409B90066B38C /* FinalChallengeTests */,
				DB458B6E1B5409B90066B38C /* Products */,
			);
			sourceTree = "<group>";
		};
		DB458B6E1B5409B90066B38C /* Products */ = {
			isa = PBXGroup;
			children = (
				DB458B6D1B5409B90066B38C /* FinalChallenge.app */,
				DB458B851B5409B90066B38C /* FinalChallengeTests.xctest */,
			);
			name = Products;
			sourceTree = "<group>";
		};
		DB458B6F1B5409B90066B38C /* FinalChallenge */ = {
			isa = PBXGroup;
			children = (
				B5F60BBC1B83C35800786728 /* Model */,
				5E8F9DDF1B7D1651004514D0 /* Extensions */,
				DB4E52001B714A10008333D3 /* Board */,
				DB4E51FD1B714149008333D3 /* Utils */,
				5ED9E8781B7127830073FB7B /* Minigames */,
				DB458B721B5409B90066B38C /* AppDelegate.swift */,
				5E8F9DD81B7D0093004514D0 /* ViewControllers */,
				DB458B791B5409B90066B38C /* Main.storyboard */,
				5E60396B1B84F03100F63DC3 /* bubble.atlas */,
				DB458B7C1B5409B90066B38C /* Images.xcassets */,
				DB458B7E1B5409B90066B38C /* LaunchScreen.xib */,
				5E6039731B85017700F63DC3 /* rock.atlas */,
				DB458B741B5409B90066B38C /* FinalChallenge.xcdatamodeld */,
				DB458B701B5409B90066B38C /* Supporting Files */,
			);
			path = FinalChallenge;
			sourceTree = "<group>";
		};
		DB458B701B5409B90066B38C /* Supporting Files */ = {
			isa = PBXGroup;
			children = (
				DB458B711B5409B90066B38C /* Info.plist */,
			);
			name = "Supporting Files";
			sourceTree = "<group>";
		};
		DB458B881B5409B90066B38C /* FinalChallengeTests */ = {
			isa = PBXGroup;
			children = (
				DB458B8B1B5409B90066B38C /* FinalChallengeTests.swift */,
				DB458B891B5409B90066B38C /* Supporting Files */,
			);
			path = FinalChallengeTests;
			sourceTree = "<group>";
		};
		DB458B891B5409B90066B38C /* Supporting Files */ = {
			isa = PBXGroup;
			children = (
				DB458B8A1B5409B90066B38C /* Info.plist */,
			);
			name = "Supporting Files";
			sourceTree = "<group>";
		};
		DB4E51FD1B714149008333D3 /* Utils */ = {
			isa = PBXGroup;
			children = (
				DB4E51FE1B714194008333D3 /* ConnectionManager.swift */,
				B51663EE1B7D0D720040A1B4 /* GamePadController.swift */,
				DBC57FE11B83AEA200CA0232 /* XMLParser.swift */,
			);
			name = Utils;
			sourceTree = "<group>";
		};
		DB4E52001B714A10008333D3 /* Board */ = {
			isa = PBXGroup;
			children = (
				DB98FEA51B825ED300AD5098 /* board_1.xml */,
				DB73E8111B72834400F7D7C7 /* BoardController.swift */,
				DB73E8131B72838D00F7D7C7 /* Board.sks */,
				DB73E8151B7286A800F7D7C7 /* BoardViewController.swift */,
				DBC57FE31B83AEC300CA0232 /* BoardScene.swift */,
			);
			name = Board;
			sourceTree = "<group>";
		};
/* End PBXGroup section */

/* Begin PBXNativeTarget section */
		DB458B6C1B5409B90066B38C /* FinalChallenge */ = {
			isa = PBXNativeTarget;
			buildConfigurationList = DB458B8F1B5409B90066B38C /* Build configuration list for PBXNativeTarget "FinalChallenge" */;
			buildPhases = (
				DB458B691B5409B90066B38C /* Sources */,
				DB458B6A1B5409B90066B38C /* Frameworks */,
				DB458B6B1B5409B90066B38C /* Resources */,
			);
			buildRules = (
			);
			dependencies = (
			);
			name = FinalChallenge;
			productName = FinalChallenge;
			productReference = DB458B6D1B5409B90066B38C /* FinalChallenge.app */;
			productType = "com.apple.product-type.application";
		};
		DB458B841B5409B90066B38C /* FinalChallengeTests */ = {
			isa = PBXNativeTarget;
			buildConfigurationList = DB458B921B5409B90066B38C /* Build configuration list for PBXNativeTarget "FinalChallengeTests" */;
			buildPhases = (
				DB458B811B5409B90066B38C /* Sources */,
				DB458B821B5409B90066B38C /* Frameworks */,
				DB458B831B5409B90066B38C /* Resources */,
			);
			buildRules = (
			);
			dependencies = (
				DB458B871B5409B90066B38C /* PBXTargetDependency */,
			);
			name = FinalChallengeTests;
			productName = FinalChallengeTests;
			productReference = DB458B851B5409B90066B38C /* FinalChallengeTests.xctest */;
			productType = "com.apple.product-type.bundle.unit-test";
		};
/* End PBXNativeTarget section */

/* Begin PBXProject section */
		DB458B651B5409B90066B38C /* Project object */ = {
			isa = PBXProject;
			attributes = {
				LastUpgradeCheck = 0640;
				ORGANIZATIONNAME = "Hariel Giacomuzzi";
				TargetAttributes = {
					DB458B6C1B5409B90066B38C = {
						CreatedOnToolsVersion = 6.4;
						DevelopmentTeam = ZX7GUMJ35C;
					};
					DB458B841B5409B90066B38C = {
						CreatedOnToolsVersion = 6.4;
						TestTargetID = DB458B6C1B5409B90066B38C;
					};
				};
			};
			buildConfigurationList = DB458B681B5409B90066B38C /* Build configuration list for PBXProject "FinalChallenge" */;
			compatibilityVersion = "Xcode 3.2";
			developmentRegion = English;
			hasScannedForEncodings = 0;
			knownRegions = (
				en,
				Base,
			);
			mainGroup = DB458B641B5409B90066B38C;
			productRefGroup = DB458B6E1B5409B90066B38C /* Products */;
			projectDirPath = "";
			projectRoot = "";
			targets = (
				DB458B6C1B5409B90066B38C /* FinalChallenge */,
				DB458B841B5409B90066B38C /* FinalChallengeTests */,
			);
		};
/* End PBXProject section */

/* Begin PBXResourcesBuildPhase section */
		DB458B6B1B5409B90066B38C /* Resources */ = {
			isa = PBXResourcesBuildPhase;
			buildActionMask = 2147483647;
			files = (
				DB458B7B1B5409B90066B38C /* Main.storyboard in Resources */,
				B5F60BBA1B83B76E00786728 /* MyParticle.sks in Resources */,
				B5F60BC21B84FA0400786728 /* MyParticle2.sks in Resources */,
				5E60396C1B84F03100F63DC3 /* bubble.atlas in Resources */,
				DB458B801B5409B90066B38C /* LaunchScreen.xib in Resources */,
				B5F60BBB1B83B76E00786728 /* spark.png in Resources */,
				26D019781B84FF0400C5C73D /* bubbleparticle.png in Resources */,
				5E6039741B85017700F63DC3 /* rock.atlas in Resources */,
				DB98FEA61B825ED300AD5098 /* board_1.xml in Resources */,
				DB73E8141B72838D00F7D7C7 /* Board.sks in Resources */,
				DB458B7D1B5409B90066B38C /* Images.xcassets in Resources */,
			);
			runOnlyForDeploymentPostprocessing = 0;
		};
		DB458B831B5409B90066B38C /* Resources */ = {
			isa = PBXResourcesBuildPhase;
			buildActionMask = 2147483647;
			files = (
			);
			runOnlyForDeploymentPostprocessing = 0;
		};
/* End PBXResourcesBuildPhase section */

/* Begin PBXSourcesBuildPhase section */
		DB458B691B5409B90066B38C /* Sources */ = {
			isa = PBXSourcesBuildPhase;
			buildActionMask = 2147483647;
			files = (
				5ED9E87E1B7128060073FB7B /* FlappyGameScene.swift in Sources */,
				B51663EF1B7D0D720040A1B4 /* GamePadController.swift in Sources */,
				5E8F9DDE1B7D0986004514D0 /* IphoneConnectionViewController.swift in Sources */,
				5E8F9DD71B7D0052004514D0 /* InitialViewController.swift in Sources */,
				5EB9EE6F1B8412A90003C980 /* FlappyPowerupNode.swift in Sources */,
				5E8F9DE11B7D1663004514D0 /* Array+Extension.swift in Sources */,
				DB4E51FF1B714194008333D3 /* ConnectionManager.swift in Sources */,
				DB73E8121B72834400F7D7C7 /* BoardController.swift in Sources */,
				DBC57FE41B83AEC300CA0232 /* BoardScene.swift in Sources */,
				DB73E8161B7286A800F7D7C7 /* BoardViewController.swift in Sources */,
				DBC57FE21B83AEA200CA0232 /* XMLParser.swift in Sources */,
				DB458B781B5409B90066B38C /* ViewController.swift in Sources */,
				5E8F9DDC1B7D0305004514D0 /* IpadConnectionViewController.swift in Sources */,
				B5F60BC01B84ECB500786728 /* FlappyParticleNode.swift in Sources */,
				5E7DCE911B82447B00229F04 /* FlappyPlayerNode.swift in Sources */,
				DB458B761B5409B90066B38C /* FinalChallenge.xcdatamodeld in Sources */,
				5ED9E87C1B7127DC0073FB7B /* FlappyGameViewController.swift in Sources */,
				DB458B731B5409B90066B38C /* AppDelegate.swift in Sources */,
				B5F60BBE1B83C36C00786728 /* Player.swift in Sources */,
				5E3F1CB61B82658600F27D49 /* FlappyStoneNode.swift in Sources */,
			);
			runOnlyForDeploymentPostprocessing = 0;
		};
		DB458B811B5409B90066B38C /* Sources */ = {
			isa = PBXSourcesBuildPhase;
			buildActionMask = 2147483647;
			files = (
				DB458B8C1B5409B90066B38C /* FinalChallengeTests.swift in Sources */,
			);
			runOnlyForDeploymentPostprocessing = 0;
		};
/* End PBXSourcesBuildPhase section */

/* Begin PBXTargetDependency section */
		DB458B871B5409B90066B38C /* PBXTargetDependency */ = {
			isa = PBXTargetDependency;
			target = DB458B6C1B5409B90066B38C /* FinalChallenge */;
			targetProxy = DB458B861B5409B90066B38C /* PBXContainerItemProxy */;
		};
/* End PBXTargetDependency section */

/* Begin PBXVariantGroup section */
		DB458B791B5409B90066B38C /* Main.storyboard */ = {
			isa = PBXVariantGroup;
			children = (
				DB458B7A1B5409B90066B38C /* Base */,
			);
			name = Main.storyboard;
			sourceTree = "<group>";
		};
		DB458B7E1B5409B90066B38C /* LaunchScreen.xib */ = {
			isa = PBXVariantGroup;
			children = (
				DB458B7F1B5409B90066B38C /* Base */,
			);
			name = LaunchScreen.xib;
			sourceTree = "<group>";
		};
/* End PBXVariantGroup section */

/* Begin XCBuildConfiguration section */
		DB458B8D1B5409B90066B38C /* Debug */ = {
			isa = XCBuildConfiguration;
			buildSettings = {
				ALWAYS_SEARCH_USER_PATHS = NO;
				CLANG_CXX_LANGUAGE_STANDARD = "gnu++0x";
				CLANG_CXX_LIBRARY = "libc++";
				CLANG_ENABLE_MODULES = YES;
				CLANG_ENABLE_OBJC_ARC = YES;
				CLANG_WARN_BOOL_CONVERSION = YES;
				CLANG_WARN_CONSTANT_CONVERSION = YES;
				CLANG_WARN_DIRECT_OBJC_ISA_USAGE = YES_ERROR;
				CLANG_WARN_EMPTY_BODY = YES;
				CLANG_WARN_ENUM_CONVERSION = YES;
				CLANG_WARN_INT_CONVERSION = YES;
				CLANG_WARN_OBJC_ROOT_CLASS = YES_ERROR;
				CLANG_WARN_UNREACHABLE_CODE = YES;
				CLANG_WARN__DUPLICATE_METHOD_MATCH = YES;
				"CODE_SIGN_IDENTITY[sdk=iphoneos*]" = "iPhone Developer";
				COPY_PHASE_STRIP = NO;
				DEBUG_INFORMATION_FORMAT = "dwarf-with-dsym";
				ENABLE_STRICT_OBJC_MSGSEND = YES;
				GCC_C_LANGUAGE_STANDARD = gnu99;
				GCC_DYNAMIC_NO_PIC = NO;
				GCC_NO_COMMON_BLOCKS = YES;
				GCC_OPTIMIZATION_LEVEL = 0;
				GCC_PREPROCESSOR_DEFINITIONS = (
					"DEBUG=1",
					"$(inherited)",
				);
				GCC_SYMBOLS_PRIVATE_EXTERN = NO;
				GCC_WARN_64_TO_32_BIT_CONVERSION = YES;
				GCC_WARN_ABOUT_RETURN_TYPE = YES_ERROR;
				GCC_WARN_UNDECLARED_SELECTOR = YES;
				GCC_WARN_UNINITIALIZED_AUTOS = YES_AGGRESSIVE;
				GCC_WARN_UNUSED_FUNCTION = YES;
				GCC_WARN_UNUSED_VARIABLE = YES;
				IPHONEOS_DEPLOYMENT_TARGET = 8.4;
				MTL_ENABLE_DEBUG_INFO = YES;
				ONLY_ACTIVE_ARCH = YES;
				SDKROOT = iphoneos;
				SWIFT_OPTIMIZATION_LEVEL = "-Onone";
				TARGETED_DEVICE_FAMILY = "1,2";
			};
			name = Debug;
		};
		DB458B8E1B5409B90066B38C /* Release */ = {
			isa = XCBuildConfiguration;
			buildSettings = {
				ALWAYS_SEARCH_USER_PATHS = NO;
				CLANG_CXX_LANGUAGE_STANDARD = "gnu++0x";
				CLANG_CXX_LIBRARY = "libc++";
				CLANG_ENABLE_MODULES = YES;
				CLANG_ENABLE_OBJC_ARC = YES;
				CLANG_WARN_BOOL_CONVERSION = YES;
				CLANG_WARN_CONSTANT_CONVERSION = YES;
				CLANG_WARN_DIRECT_OBJC_ISA_USAGE = YES_ERROR;
				CLANG_WARN_EMPTY_BODY = YES;
				CLANG_WARN_ENUM_CONVERSION = YES;
				CLANG_WARN_INT_CONVERSION = YES;
				CLANG_WARN_OBJC_ROOT_CLASS = YES_ERROR;
				CLANG_WARN_UNREACHABLE_CODE = YES;
				CLANG_WARN__DUPLICATE_METHOD_MATCH = YES;
				"CODE_SIGN_IDENTITY[sdk=iphoneos*]" = "iPhone Developer";
				COPY_PHASE_STRIP = NO;
				DEBUG_INFORMATION_FORMAT = "dwarf-with-dsym";
				ENABLE_NS_ASSERTIONS = NO;
				ENABLE_STRICT_OBJC_MSGSEND = YES;
				GCC_C_LANGUAGE_STANDARD = gnu99;
				GCC_NO_COMMON_BLOCKS = YES;
				GCC_WARN_64_TO_32_BIT_CONVERSION = YES;
				GCC_WARN_ABOUT_RETURN_TYPE = YES_ERROR;
				GCC_WARN_UNDECLARED_SELECTOR = YES;
				GCC_WARN_UNINITIALIZED_AUTOS = YES_AGGRESSIVE;
				GCC_WARN_UNUSED_FUNCTION = YES;
				GCC_WARN_UNUSED_VARIABLE = YES;
				IPHONEOS_DEPLOYMENT_TARGET = 8.4;
				MTL_ENABLE_DEBUG_INFO = NO;
				SDKROOT = iphoneos;
				TARGETED_DEVICE_FAMILY = "1,2";
				VALIDATE_PRODUCT = YES;
			};
			name = Release;
		};
		DB458B901B5409B90066B38C /* Debug */ = {
			isa = XCBuildConfiguration;
			buildSettings = {
				ASSETCATALOG_COMPILER_APPICON_NAME = AppIcon;
				CODE_SIGN_IDENTITY = "iPhone Developer";
				"CODE_SIGN_IDENTITY[sdk=iphoneos*]" = "iPhone Developer";
				INFOPLIST_FILE = FinalChallenge/Info.plist;
				IPHONEOS_DEPLOYMENT_TARGET = 8.3;
				LD_RUNPATH_SEARCH_PATHS = "$(inherited) @executable_path/Frameworks";
				PRODUCT_NAME = "$(TARGET_NAME)";
				PROVISIONING_PROFILE = "";
			};
			name = Debug;
		};
		DB458B911B5409B90066B38C /* Release */ = {
			isa = XCBuildConfiguration;
			buildSettings = {
				ASSETCATALOG_COMPILER_APPICON_NAME = AppIcon;
				CODE_SIGN_IDENTITY = "iPhone Developer";
				"CODE_SIGN_IDENTITY[sdk=iphoneos*]" = "iPhone Developer";
				INFOPLIST_FILE = FinalChallenge/Info.plist;
				IPHONEOS_DEPLOYMENT_TARGET = 8.3;
				LD_RUNPATH_SEARCH_PATHS = "$(inherited) @executable_path/Frameworks";
				PRODUCT_NAME = "$(TARGET_NAME)";
				PROVISIONING_PROFILE = "";
			};
			name = Release;
		};
		DB458B931B5409B90066B38C /* Debug */ = {
			isa = XCBuildConfiguration;
			buildSettings = {
				BUNDLE_LOADER = "$(TEST_HOST)";
				FRAMEWORK_SEARCH_PATHS = (
					"$(SDKROOT)/Developer/Library/Frameworks",
					"$(inherited)",
				);
				GCC_PREPROCESSOR_DEFINITIONS = (
					"DEBUG=1",
					"$(inherited)",
				);
				INFOPLIST_FILE = FinalChallengeTests/Info.plist;
				LD_RUNPATH_SEARCH_PATHS = "$(inherited) @executable_path/Frameworks @loader_path/Frameworks";
				PRODUCT_NAME = "$(TARGET_NAME)";
				TEST_HOST = "$(BUILT_PRODUCTS_DIR)/FinalChallenge.app/FinalChallenge";
			};
			name = Debug;
		};
		DB458B941B5409B90066B38C /* Release */ = {
			isa = XCBuildConfiguration;
			buildSettings = {
				BUNDLE_LOADER = "$(TEST_HOST)";
				FRAMEWORK_SEARCH_PATHS = (
					"$(SDKROOT)/Developer/Library/Frameworks",
					"$(inherited)",
				);
				INFOPLIST_FILE = FinalChallengeTests/Info.plist;
				LD_RUNPATH_SEARCH_PATHS = "$(inherited) @executable_path/Frameworks @loader_path/Frameworks";
				PRODUCT_NAME = "$(TARGET_NAME)";
				TEST_HOST = "$(BUILT_PRODUCTS_DIR)/FinalChallenge.app/FinalChallenge";
			};
			name = Release;
		};
/* End XCBuildConfiguration section */

/* Begin XCConfigurationList section */
		DB458B681B5409B90066B38C /* Build configuration list for PBXProject "FinalChallenge" */ = {
			isa = XCConfigurationList;
			buildConfigurations = (
				DB458B8D1B5409B90066B38C /* Debug */,
				DB458B8E1B5409B90066B38C /* Release */,
			);
			defaultConfigurationIsVisible = 0;
			defaultConfigurationName = Release;
		};
		DB458B8F1B5409B90066B38C /* Build configuration list for PBXNativeTarget "FinalChallenge" */ = {
			isa = XCConfigurationList;
			buildConfigurations = (
				DB458B901B5409B90066B38C /* Debug */,
				DB458B911B5409B90066B38C /* Release */,
			);
			defaultConfigurationIsVisible = 0;
			defaultConfigurationName = Release;
		};
		DB458B921B5409B90066B38C /* Build configuration list for PBXNativeTarget "FinalChallengeTests" */ = {
			isa = XCConfigurationList;
			buildConfigurations = (
				DB458B931B5409B90066B38C /* Debug */,
				DB458B941B5409B90066B38C /* Release */,
			);
			defaultConfigurationIsVisible = 0;
			defaultConfigurationName = Release;
		};
/* End XCConfigurationList section */

/* Begin XCVersionGroup section */
		DB458B741B5409B90066B38C /* FinalChallenge.xcdatamodeld */ = {
			isa = XCVersionGroup;
			children = (
				DB458B751B5409B90066B38C /* FinalChallenge.xcdatamodel */,
			);
			currentVersion = DB458B751B5409B90066B38C /* FinalChallenge.xcdatamodel */;
			path = FinalChallenge.xcdatamodeld;
			sourceTree = "<group>";
			versionGroupType = wrapper.xcdatamodel;
		};
/* End XCVersionGroup section */
	};
	rootObject = DB458B651B5409B90066B38C /* Project object */;
}
