// !$*UTF8*$!
{
	archiveVersion = 1;
	classes = {
	};
	objectVersion = 46;
	objects = {

/* Begin PBXBuildFile section */
		2605B2471BD9630900DAE7D1 /* maingame.mp3 in Resources */ = {isa = PBXBuildFile; fileRef = 2605B2461BD9630900DAE7D1 /* maingame.mp3 */; };
		2605B2491BD9649500DAE7D1 /* bombgame.mp3 in Resources */ = {isa = PBXBuildFile; fileRef = 2605B2481BD9649500DAE7D1 /* bombgame.mp3 */; };
		2605B24B1BD965FF00DAE7D1 /* flappymusic.mp3 in Resources */ = {isa = PBXBuildFile; fileRef = 2605B24A1BD965FF00DAE7D1 /* flappymusic.mp3 */; };
		262C07F11BD0298A00246DF5 /* TestterViewController.swift in Sources */ = {isa = PBXBuildFile; fileRef = 262C07F01BD0298A00246DF5 /* TestterViewController.swift */; };
		262C07F31BD02B3400246DF5 /* roboPadAssets.xcassets in Resources */ = {isa = PBXBuildFile; fileRef = 262C07F21BD02B3400246DF5 /* roboPadAssets.xcassets */; };
		264D0CDE1B9F6AE6005B7EE9 /* SetupParticle.swift in Sources */ = {isa = PBXBuildFile; fileRef = 264D0CDD1B9F6AE6005B7EE9 /* SetupParticle.swift */; };
		26547BAD1B9F4736003DFD73 /* SetupPartyScene.swift in Sources */ = {isa = PBXBuildFile; fileRef = 26547BAC1B9F4736003DFD73 /* SetupPartyScene.swift */; };
		26547BB31B9F4D59003DFD73 /* SetupParty.xcassets in Resources */ = {isa = PBXBuildFile; fileRef = 26547BB21B9F4D59003DFD73 /* SetupParty.xcassets */; };
		26547BBA1B9F696E003DFD73 /* setupParticle1.sks in Resources */ = {isa = PBXBuildFile; fileRef = 26547BB91B9F696E003DFD73 /* setupParticle1.sks */; };
		2661C40A1BB07EEC003A49F9 /* TutorialScene.swift in Sources */ = {isa = PBXBuildFile; fileRef = 2661C4091BB07EEC003A49F9 /* TutorialScene.swift */; };
		2661C40C1BB082A9003A49F9 /* tutorialassets.xcassets in Resources */ = {isa = PBXBuildFile; fileRef = 2661C40B1BB082A9003A49F9 /* tutorialassets.xcassets */; };
		2682DF6F1BB4838900ACF1A6 /* popup.atlas in Resources */ = {isa = PBXBuildFile; fileRef = 2682DF6E1BB4838900ACF1A6 /* popup.atlas */; };
		269F18B01B86583000EAD94F /* wind.atlas in Resources */ = {isa = PBXBuildFile; fileRef = 269F18AF1B86583000EAD94F /* wind.atlas */; };
		26B2D9BF1B87A8920056015F /* fish.atlas in Resources */ = {isa = PBXBuildFile; fileRef = 26B2D9BE1B87A8920056015F /* fish.atlas */; };
		26B2D9C11B87A8B20056015F /* teste.sks in Resources */ = {isa = PBXBuildFile; fileRef = 26B2D9C01B87A8B20056015F /* teste.sks */; };
		26B2D9C71B87AC030056015F /* BombTGameScene.swift in Sources */ = {isa = PBXBuildFile; fileRef = 26B2D9C61B87AC030056015F /* BombTGameScene.swift */; };
		26B2D9C91B87AE570056015F /* MiniGameViewController.swift in Sources */ = {isa = PBXBuildFile; fileRef = 26B2D9C81B87AE570056015F /* MiniGameViewController.swift */; };
		26CF809A1B8CD59000DFCB73 /* fireBombParticle.sks in Resources */ = {isa = PBXBuildFile; fileRef = 26CF80991B8CD59000DFCB73 /* fireBombParticle.sks */; };
		26CF809C1B8CD67E00DFCB73 /* FireBombSpark.swift in Sources */ = {isa = PBXBuildFile; fileRef = 26CF809B1B8CD67E00DFCB73 /* FireBombSpark.swift */; };
		26D019781B84FF0400C5C73D /* bubbleparticle.png in Resources */ = {isa = PBXBuildFile; fileRef = 26D019771B84FF0400C5C73D /* bubbleparticle.png */; };
		26D6DA4E1B94BEE800E94400 /* bombGame.atlas in Resources */ = {isa = PBXBuildFile; fileRef = 26D6DA4D1B94BEE800E94400 /* bombGame.atlas */; };
		26D6DA541B94CA7700E94400 /* bombSceneAssets.xcassets in Resources */ = {isa = PBXBuildFile; fileRef = 26D6DA531B94CA7700E94400 /* bombSceneAssets.xcassets */; };
		4445D7C51B98C99F0049B787 /* AlertPath.swift in Sources */ = {isa = PBXBuildFile; fileRef = 4445D7C41B98C99F0049B787 /* AlertPath.swift */; };
		4473647D1B9A065400C8AD9D /* puffGame.atlas in Resources */ = {isa = PBXBuildFile; fileRef = 4473647C1B9A065400C8AD9D /* puffGame.atlas */; };
		4473647F1B9A1DE800C8AD9D /* PuffPlayer.swift in Sources */ = {isa = PBXBuildFile; fileRef = 4473647E1B9A1DE800C8AD9D /* PuffPlayer.swift */; };
		447891DB1BBEF2120094E16B /* CardManager.swift in Sources */ = {isa = PBXBuildFile; fileRef = 447891DA1BBEF2120094E16B /* CardManager.swift */; };
		5E0E060A1B8E384300CE166E /* CGVector+Extension.swift in Sources */ = {isa = PBXBuildFile; fileRef = 5E0E06091B8E384300CE166E /* CGVector+Extension.swift */; };
		5E1C59C91BB0771200BCDE1C /* CardSprite.swift in Sources */ = {isa = PBXBuildFile; fileRef = 5E1C59C81BB0771200BCDE1C /* CardSprite.swift */; };
		5E2095991BB973F2002FC8AF /* StoreScene.swift in Sources */ = {isa = PBXBuildFile; fileRef = 5E2095981BB973F2002FC8AF /* StoreScene.swift */; };
		5E3F1CB61B82658600F27D49 /* FlappyStoneNode.swift in Sources */ = {isa = PBXBuildFile; fileRef = 5E3F1CB51B82658600F27D49 /* FlappyStoneNode.swift */; };
		5E4299321BB9880E004B1DF9 /* StoreButtonNode.swift in Sources */ = {isa = PBXBuildFile; fileRef = 5E4299311BB9880E004B1DF9 /* StoreButtonNode.swift */; };
		5E4299341BB9914F004B1DF9 /* CardShowNode.swift in Sources */ = {isa = PBXBuildFile; fileRef = 5E4299331BB9914F004B1DF9 /* CardShowNode.swift */; };
		5E51FBE61BD0315E00F482A6 /* endgameassets.xcassets in Resources */ = {isa = PBXBuildFile; fileRef = 5E51FBE51BD0315E00F482A6 /* endgameassets.xcassets */; };
		5E531C5A1B87AA6500BBBD29 /* MessagesEnum.swift in Sources */ = {isa = PBXBuildFile; fileRef = 5E531C591B87AA6500BBBD29 /* MessagesEnum.swift */; };
		5E5A64A41BC6E26B00D5AC09 /* PlayerNode.swift in Sources */ = {isa = PBXBuildFile; fileRef = 5E5A64A31BC6E26B00D5AC09 /* PlayerNode.swift */; };
		5E5A64A61BC6EC6B00D5AC09 /* TestViewController.swift in Sources */ = {isa = PBXBuildFile; fileRef = 5E5A64A51BC6EC6B00D5AC09 /* TestViewController.swift */; };
		5E5A64A81BC6EC7C00D5AC09 /* TestScene.swift in Sources */ = {isa = PBXBuildFile; fileRef = 5E5A64A71BC6EC7C00D5AC09 /* TestScene.swift */; };
		5E5AA4BA1BDFD9C300596CC4 /* SetupPartyButton.swift in Sources */ = {isa = PBXBuildFile; fileRef = 5E5AA4B91BDFD9C300596CC4 /* SetupPartyButton.swift */; };
		5E60396C1B84F03100F63DC3 /* bubble.atlas in Resources */ = {isa = PBXBuildFile; fileRef = 5E60396B1B84F03100F63DC3 /* bubble.atlas */; };
		5E6039741B85017700F63DC3 /* rock.atlas in Resources */ = {isa = PBXBuildFile; fileRef = 5E6039731B85017700F63DC3 /* rock.atlas */; };
		5E677F071B8B877F00238881 /* SwipeGamePadControllerViewController.swift in Sources */ = {isa = PBXBuildFile; fileRef = 5E677F061B8B877F00238881 /* SwipeGamePadControllerViewController.swift */; };
		5E68AD7B1B8CCD3E00FD4404 /* BombPlayerNode.swift in Sources */ = {isa = PBXBuildFile; fileRef = 5E68AD7A1B8CCD3E00FD4404 /* BombPlayerNode.swift */; };
		5E68AD7F1B8CD57C00FD4404 /* BombWallNode.swift in Sources */ = {isa = PBXBuildFile; fileRef = 5E68AD7E1B8CD57C00FD4404 /* BombWallNode.swift */; };
		5E68DAAB1BA9ECCB00DB14FB /* PlayerButtonNode.swift in Sources */ = {isa = PBXBuildFile; fileRef = 5E68DAAA1BA9ECCB00DB14FB /* PlayerButtonNode.swift */; };
		5E70C7D31B9A0DB1005C753B /* NoAnimationSegue.swift in Sources */ = {isa = PBXBuildFile; fileRef = 5E70C7D21B9A0DB1005C753B /* NoAnimationSegue.swift */; };
		5E7DCE911B82447B00229F04 /* FlappyPlayerNode.swift in Sources */ = {isa = PBXBuildFile; fileRef = 5E7DCE901B82447B00229F04 /* FlappyPlayerNode.swift */; };
		5E7E45BC1B960AC600249B8A /* MinigameDescriptionViewController.swift in Sources */ = {isa = PBXBuildFile; fileRef = 5E7E45BB1B960AC600249B8A /* MinigameDescriptionViewController.swift */; };
		5E840FFE1BA9CBB00099B16B /* CardCarousellNode.swift in Sources */ = {isa = PBXBuildFile; fileRef = 5E840FFD1BA9CBB00099B16B /* CardCarousellNode.swift */; };
		5E8410001BA9CC000099B16B /* PlayerControllerScene.swift in Sources */ = {isa = PBXBuildFile; fileRef = 5E840FFF1BA9CC000099B16B /* PlayerControllerScene.swift */; };
		5E8F9DD71B7D0052004514D0 /* InitialViewController.swift in Sources */ = {isa = PBXBuildFile; fileRef = 5E8F9DD61B7D0052004514D0 /* InitialViewController.swift */; };
		5E8F9DE11B7D1663004514D0 /* Array+Extension.swift in Sources */ = {isa = PBXBuildFile; fileRef = 5E8F9DE01B7D1663004514D0 /* Array+Extension.swift */; };
		5E9EB3301BDE89DF003974EB /* InformationBoxNode.swift in Sources */ = {isa = PBXBuildFile; fileRef = 5E9EB32F1BDE89DF003974EB /* InformationBoxNode.swift */; };
		5E9EB3321BDE8A44003974EB /* InformationArrowNode.swift in Sources */ = {isa = PBXBuildFile; fileRef = 5E9EB3311BDE8A44003974EB /* InformationArrowNode.swift */; };
		5E9EB3351BDE97CB003974EB /* TutorialManager.swift in Sources */ = {isa = PBXBuildFile; fileRef = 5E9EB3341BDE97CB003974EB /* TutorialManager.swift */; };
		5E9EB33B1BDEA4D6003974EB /* tutorial.atlas in Resources */ = {isa = PBXBuildFile; fileRef = 5E9EB33A1BDEA4D6003974EB /* tutorial.atlas */; };
		5EA49E0A1B87B59100AC51F8 /* MinigameScene.swift in Sources */ = {isa = PBXBuildFile; fileRef = 5EA49E091B87B59100AC51F8 /* MinigameScene.swift */; };
		5EB9EE6F1B8412A90003C980 /* FlappyPowerupNode.swift in Sources */ = {isa = PBXBuildFile; fileRef = 5EB9EE6E1B8412A90003C980 /* FlappyPowerupNode.swift */; };
		5EC7FF8A1BC81E9500494CE4 /* charSprites.atlas in Resources */ = {isa = PBXBuildFile; fileRef = 5EC7FF891BC81E9500494CE4 /* charSprites.atlas */; };
		5ED294DB1BBD96B50073B148 /* cards.atlas in Resources */ = {isa = PBXBuildFile; fileRef = 5ED294DA1BBD96B50073B148 /* cards.atlas */; };
		5ED294DE1BBD9AAA0073B148 /* AccelerometerScene.swift in Sources */ = {isa = PBXBuildFile; fileRef = 5ED294DD1BBD9AAA0073B148 /* AccelerometerScene.swift */; };
		5ED294E01BBD9C030073B148 /* GamePadScene.swift in Sources */ = {isa = PBXBuildFile; fileRef = 5ED294DF1BBD9C030073B148 /* GamePadScene.swift */; };
		5ED294E21BBD9D380073B148 /* SwipeScene.swift in Sources */ = {isa = PBXBuildFile; fileRef = 5ED294E11BBD9D380073B148 /* SwipeScene.swift */; };
		5ED9E87E1B7128060073FB7B /* FlappyGameScene.swift in Sources */ = {isa = PBXBuildFile; fileRef = 5ED9E87D1B7128060073FB7B /* FlappyGameScene.swift */; };
		5EE219F61BD0161300D6EF98 /* DiceNode.swift in Sources */ = {isa = PBXBuildFile; fileRef = 5EE219F51BD0161300D6EF98 /* DiceNode.swift */; };
		5EE219F81BD0280800D6EF98 /* coinParticle.sks in Resources */ = {isa = PBXBuildFile; fileRef = 5EE219F71BD0280800D6EF98 /* coinParticle.sks */; };
		5EE219FA1BD028D700D6EF98 /* EndGameParticleNode.swift in Sources */ = {isa = PBXBuildFile; fileRef = 5EE219F91BD028D700D6EF98 /* EndGameParticleNode.swift */; };
		5EE267D71BC2A49D0006E5BD /* NotificationNode.swift in Sources */ = {isa = PBXBuildFile; fileRef = 5EE267D61BC2A49D0006E5BD /* NotificationNode.swift */; };
		5EF605F31B9CE49E0075504E /* CGFloat+Extension.swift in Sources */ = {isa = PBXBuildFile; fileRef = 5EF605F21B9CE49E0075504E /* CGFloat+Extension.swift */; };
		B503E3F41BAB2FA400C6284A /* GameOverSceneMP.swift in Sources */ = {isa = PBXBuildFile; fileRef = B503E3F31BAB2FA400C6284A /* GameOverSceneMP.swift */; };
		B51663EF1B7D0D720040A1B4 /* GamePadController.swift in Sources */ = {isa = PBXBuildFile; fileRef = B51663EE1B7D0D720040A1B4 /* GamePadController.swift */; };
		B5279F8B1BB06C220015DBE7 /* Card.swift in Sources */ = {isa = PBXBuildFile; fileRef = B5279F8A1BB06C220015DBE7 /* Card.swift */; };
		B5279F8D1BB06CB00015DBE7 /* ActiveCard.swift in Sources */ = {isa = PBXBuildFile; fileRef = B5279F8C1BB06CB00015DBE7 /* ActiveCard.swift */; };
		B5279F8F1BB06CE10015DBE7 /* NotActiveCard.swift in Sources */ = {isa = PBXBuildFile; fileRef = B5279F8E1BB06CE10015DBE7 /* NotActiveCard.swift */; };
		B5279F931BB08C7D0015DBE7 /* StealGoldCard.swift in Sources */ = {isa = PBXBuildFile; fileRef = B5279F921BB08C7D0015DBE7 /* StealGoldCard.swift */; };
		B552F3101BD17375005FB7BC /* TutorialNodeScene.swift in Sources */ = {isa = PBXBuildFile; fileRef = B552F30F1BD17375005FB7BC /* TutorialNodeScene.swift */; };
		B579AB681BB332E700B9D181 /* MoveBackCard.swift in Sources */ = {isa = PBXBuildFile; fileRef = B579AB671BB332E700B9D181 /* MoveBackCard.swift */; };
		B579AB6A1BB3358800B9D181 /* LoseOneCard.swift in Sources */ = {isa = PBXBuildFile; fileRef = B579AB691BB3358800B9D181 /* LoseOneCard.swift */; };
		B57B33651B864EC7000E5F53 /* PlayerParticle.sks in Resources */ = {isa = PBXBuildFile; fileRef = B57B33641B864EC7000E5F53 /* PlayerParticle.sks */; };
		B57B33671B86566E000E5F53 /* GameOver.xib in Resources */ = {isa = PBXBuildFile; fileRef = B57B33661B86566E000E5F53 /* GameOver.xib */; };
		B57B33691B8656D7000E5F53 /* GameOverXib.swift in Sources */ = {isa = PBXBuildFile; fileRef = B57B33681B8656D7000E5F53 /* GameOverXib.swift */; };
		B5840CC81BC43E1D006E741B /* EndGameIphoneScene.swift in Sources */ = {isa = PBXBuildFile; fileRef = B5840CC71BC43E1D006E741B /* EndGameIphoneScene.swift */; };
		B5A7685D1BBEF4B3006819B9 /* EndGameScene.swift in Sources */ = {isa = PBXBuildFile; fileRef = B5A7685C1BBEF4B3006819B9 /* EndGameScene.swift */; };
		B5AFAD081B94C1DD0005F19E /* MinigameCollectionViewController.swift in Sources */ = {isa = PBXBuildFile; fileRef = B5AFAD071B94C1DD0005F19E /* MinigameCollectionViewController.swift */; };
		B5AFAD0A1B94C3770005F19E /* CustomMinigameCollectionView.swift in Sources */ = {isa = PBXBuildFile; fileRef = B5AFAD091B94C3770005F19E /* CustomMinigameCollectionView.swift */; };
		B5AFAD0F1B9608F70005F19E /* PartyModeScene.swift in Sources */ = {isa = PBXBuildFile; fileRef = B5AFAD0E1B9608F70005F19E /* PartyModeScene.swift */; };
		B5AFAD111B9761960005F19E /* PartyModeViewControllerIPAD.swift in Sources */ = {isa = PBXBuildFile; fileRef = B5AFAD101B9761960005F19E /* PartyModeViewControllerIPAD.swift */; };
		B5AFAD151BA09BD40005F19E /* GameOverSceneSP.swift in Sources */ = {isa = PBXBuildFile; fileRef = B5AFAD141BA09BD40005F19E /* GameOverSceneSP.swift */; };
		B5AFAD1A1BA1E6380005F19E /* MinigameCollectionScene.swift in Sources */ = {isa = PBXBuildFile; fileRef = B5AFAD191BA1E6380005F19E /* MinigameCollectionScene.swift */; };
		B5B929241BC6F52400DD2C46 /* cardThrowSound.wav in Resources */ = {isa = PBXBuildFile; fileRef = B5B929231BC6F52400DD2C46 /* cardThrowSound.wav */; };
		B5CD203B1BBDA86600D184F6 /* avatar.atlas in Resources */ = {isa = PBXBuildFile; fileRef = B5CD203A1BBDA86600D184F6 /* avatar.atlas */; };
		B5DD1B3C1B8799B200AA1EB6 /* GameOverScene.sks in Resources */ = {isa = PBXBuildFile; fileRef = B5DD1B3B1B8799B200AA1EB6 /* GameOverScene.sks */; };
		B5DD1B3E1B87AE9D00AA1EB6 /* GameManager.swift in Sources */ = {isa = PBXBuildFile; fileRef = B5DD1B3D1B87AE9D00AA1EB6 /* GameManager.swift */; };
		B5DD1B401B8B7B1F00AA1EB6 /* CustomGameOverCell.swift in Sources */ = {isa = PBXBuildFile; fileRef = B5DD1B3F1B8B7B1F00AA1EB6 /* CustomGameOverCell.swift */; };
		B5DD1B441B8CD53400AA1EB6 /* AccelerometerGamePadController.swift in Sources */ = {isa = PBXBuildFile; fileRef = B5DD1B431B8CD53400AA1EB6 /* AccelerometerGamePadController.swift */; };
		B5DD1B471B8F712A00AA1EB6 /* AudioSource.swift in Sources */ = {isa = PBXBuildFile; fileRef = B5DD1B461B8F712A00AA1EB6 /* AudioSource.swift */; };
		B5DD1B4A1B8F73D300AA1EB6 /* wavesSound.wav in Resources */ = {isa = PBXBuildFile; fileRef = B5DD1B491B8F73D300AA1EB6 /* wavesSound.wav */; };
		B5DD1B4C1B8F745700AA1EB6 /* explosionSound.wav in Resources */ = {isa = PBXBuildFile; fileRef = B5DD1B4B1B8F745700AA1EB6 /* explosionSound.wav */; };
		B5DD1B501B8F888200AA1EB6 /* bubbleSound.mp3 in Resources */ = {isa = PBXBuildFile; fileRef = B5DD1B4F1B8F888200AA1EB6 /* bubbleSound.mp3 */; };
		B5DD1B521B8F8D0500AA1EB6 /* bubbleSound2.wav in Resources */ = {isa = PBXBuildFile; fileRef = B5DD1B511B8F8D0500AA1EB6 /* bubbleSound2.wav */; };
		B5DD1B541B8F90EC00AA1EB6 /* funMusic.mp3 in Resources */ = {isa = PBXBuildFile; fileRef = B5DD1B531B8F90EC00AA1EB6 /* funMusic.mp3 */; };
		B5F60BBA1B83B76E00786728 /* MyParticle.sks in Resources */ = {isa = PBXBuildFile; fileRef = B5F60BB81B83B76E00786728 /* MyParticle.sks */; };
		B5F60BBB1B83B76E00786728 /* spark.png in Resources */ = {isa = PBXBuildFile; fileRef = B5F60BB91B83B76E00786728 /* spark.png */; };
		B5F60BBE1B83C36C00786728 /* Player.swift in Sources */ = {isa = PBXBuildFile; fileRef = B5F60BBD1B83C36C00786728 /* Player.swift */; };
		B5F60BC01B84ECB500786728 /* FlappyParticleNode.swift in Sources */ = {isa = PBXBuildFile; fileRef = B5F60BBF1B84ECB500786728 /* FlappyParticleNode.swift */; };
		B5F60BC21B84FA0400786728 /* MyParticle2.sks in Resources */ = {isa = PBXBuildFile; fileRef = B5F60BC11B84FA0400786728 /* MyParticle2.sks */; };
		DB129D691BB31D15002B4862 /* squarePopUp.atlas in Resources */ = {isa = PBXBuildFile; fileRef = DB129D681BB31D15002B4862 /* squarePopUp.atlas */; };
		DB1748C01B8CF2DC00201BA2 /* iPhonePlayerViewController.swift in Sources */ = {isa = PBXBuildFile; fileRef = DB1748BF1B8CF2DC00201BA2 /* iPhonePlayerViewController.swift */; };
		DB42C9BC1BA9D59400D6D247 /* Board.atlas in Resources */ = {isa = PBXBuildFile; fileRef = DB42C9BB1BA9D59400D6D247 /* Board.atlas */; };
		DB458B731B5409B90066B38C /* AppDelegate.swift in Sources */ = {isa = PBXBuildFile; fileRef = DB458B721B5409B90066B38C /* AppDelegate.swift */; };
		DB458B761B5409B90066B38C /* FinalChallenge.xcdatamodeld in Sources */ = {isa = PBXBuildFile; fileRef = DB458B741B5409B90066B38C /* FinalChallenge.xcdatamodeld */; };
		DB458B781B5409B90066B38C /* ViewController.swift in Sources */ = {isa = PBXBuildFile; fileRef = DB458B771B5409B90066B38C /* ViewController.swift */; };
		DB458B7B1B5409B90066B38C /* Main.storyboard in Resources */ = {isa = PBXBuildFile; fileRef = DB458B791B5409B90066B38C /* Main.storyboard */; };
		DB458B7D1B5409B90066B38C /* Images.xcassets in Resources */ = {isa = PBXBuildFile; fileRef = DB458B7C1B5409B90066B38C /* Images.xcassets */; };
		DB458B801B5409B90066B38C /* LaunchScreen.xib in Resources */ = {isa = PBXBuildFile; fileRef = DB458B7E1B5409B90066B38C /* LaunchScreen.xib */; };
		DB458B8C1B5409B90066B38C /* FinalChallengeTests.swift in Sources */ = {isa = PBXBuildFile; fileRef = DB458B8B1B5409B90066B38C /* FinalChallengeTests.swift */; };
		DB495B211BC6E32800A8E0DE /* BoardNode.swift in Sources */ = {isa = PBXBuildFile; fileRef = DB495B201BC6E32800A8E0DE /* BoardNode.swift */; };
		DB4E51FF1B714194008333D3 /* ConnectionManager.swift in Sources */ = {isa = PBXBuildFile; fileRef = DB4E51FE1B714194008333D3 /* ConnectionManager.swift */; };
		DB73E8121B72834400F7D7C7 /* BoardGraph.swift in Sources */ = {isa = PBXBuildFile; fileRef = DB73E8111B72834400F7D7C7 /* BoardGraph.swift */; };
		DB73E8141B72838D00F7D7C7 /* Board.sks in Resources */ = {isa = PBXBuildFile; fileRef = DB73E8131B72838D00F7D7C7 /* Board.sks */; };
		DB73E8161B7286A800F7D7C7 /* BoardViewController.swift in Sources */ = {isa = PBXBuildFile; fileRef = DB73E8151B7286A800F7D7C7 /* BoardViewController.swift */; };
		DB8C2C2F1BB06D6B0080C2D2 /* board_3.xml in Resources */ = {isa = PBXBuildFile; fileRef = DB8C2C2E1BB06D6B0080C2D2 /* board_3.xml */; };
		DB98FEA61B825ED300AD5098 /* board_1.xml in Resources */ = {isa = PBXBuildFile; fileRef = DB98FEA51B825ED300AD5098 /* board_1.xml */; };
		DBC57FE21B83AEA200CA0232 /* XMLParser.swift in Sources */ = {isa = PBXBuildFile; fileRef = DBC57FE11B83AEA200CA0232 /* XMLParser.swift */; };
		DBC57FE41B83AEC300CA0232 /* BoardScene.swift in Sources */ = {isa = PBXBuildFile; fileRef = DBC57FE31B83AEC300CA0232 /* BoardScene.swift */; };
		DBE862051B850DB700C8099E /* board_2.xml in Resources */ = {isa = PBXBuildFile; fileRef = DBE862041B850DB700C8099E /* board_2.xml */; };
		DBE862071B8552C800C8099E /* MainBoard.swift in Sources */ = {isa = PBXBuildFile; fileRef = DBE862061B8552C800C8099E /* MainBoard.swift */; };
		DBE862091B863BD400C8099E /* MainBoard.sks in Resources */ = {isa = PBXBuildFile; fileRef = DBE862081B863BD400C8099E /* MainBoard.sks */; };
		DBF7C0C01B98D4EE0010FCFE /* PuffGameScene.sks in Resources */ = {isa = PBXBuildFile; fileRef = DBF7C0BF1B98D4EE0010FCFE /* PuffGameScene.sks */; };
		DBF7C0C21B98D50E0010FCFE /* PuffGameControl.sks in Resources */ = {isa = PBXBuildFile; fileRef = DBF7C0C11B98D50E0010FCFE /* PuffGameControl.sks */; };
		DBF7C0C41B98D5430010FCFE /* PuffGameScene.swift in Sources */ = {isa = PBXBuildFile; fileRef = DBF7C0C31B98D5430010FCFE /* PuffGameScene.swift */; };
		DBF7C0C61B98D8050010FCFE /* PuffGameViewController.swift in Sources */ = {isa = PBXBuildFile; fileRef = DBF7C0C51B98D8050010FCFE /* PuffGameViewController.swift */; };
		DBF7C0C81B98DDB90010FCFE /* PuffGamePad.swift in Sources */ = {isa = PBXBuildFile; fileRef = DBF7C0C71B98DDB90010FCFE /* PuffGamePad.swift */; };
/* End PBXBuildFile section */

/* Begin PBXContainerItemProxy section */
		DB458B861B5409B90066B38C /* PBXContainerItemProxy */ = {
			isa = PBXContainerItemProxy;
			containerPortal = DB458B651B5409B90066B38C /* Project object */;
			proxyType = 1;
			remoteGlobalIDString = DB458B6C1B5409B90066B38C;
			remoteInfo = FinalChallenge;
		};
/* End PBXContainerItemProxy section */

/* Begin PBXFileReference section */
		2605B2461BD9630900DAE7D1 /* maingame.mp3 */ = {isa = PBXFileReference; lastKnownFileType = audio.mp3; path = maingame.mp3; sourceTree = "<group>"; };
		2605B2481BD9649500DAE7D1 /* bombgame.mp3 */ = {isa = PBXFileReference; lastKnownFileType = audio.mp3; path = bombgame.mp3; sourceTree = "<group>"; };
		2605B24A1BD965FF00DAE7D1 /* flappymusic.mp3 */ = {isa = PBXFileReference; lastKnownFileType = audio.mp3; path = flappymusic.mp3; sourceTree = "<group>"; };
		262C07F01BD0298A00246DF5 /* TestterViewController.swift */ = {isa = PBXFileReference; fileEncoding = 4; lastKnownFileType = sourcecode.swift; path = TestterViewController.swift; sourceTree = "<group>"; };
		262C07F21BD02B3400246DF5 /* roboPadAssets.xcassets */ = {isa = PBXFileReference; lastKnownFileType = folder.assetcatalog; path = roboPadAssets.xcassets; sourceTree = "<group>"; };
		264D0CDD1B9F6AE6005B7EE9 /* SetupParticle.swift */ = {isa = PBXFileReference; fileEncoding = 4; lastKnownFileType = sourcecode.swift; path = SetupParticle.swift; sourceTree = "<group>"; };
		26547BAC1B9F4736003DFD73 /* SetupPartyScene.swift */ = {isa = PBXFileReference; fileEncoding = 4; lastKnownFileType = sourcecode.swift; path = SetupPartyScene.swift; sourceTree = "<group>"; };
		26547BB21B9F4D59003DFD73 /* SetupParty.xcassets */ = {isa = PBXFileReference; lastKnownFileType = folder.assetcatalog; path = SetupParty.xcassets; sourceTree = "<group>"; };
		26547BB91B9F696E003DFD73 /* setupParticle1.sks */ = {isa = PBXFileReference; lastKnownFileType = file.sks; path = setupParticle1.sks; sourceTree = "<group>"; };
		2661C4091BB07EEC003A49F9 /* TutorialScene.swift */ = {isa = PBXFileReference; fileEncoding = 4; lastKnownFileType = sourcecode.swift; path = TutorialScene.swift; sourceTree = "<group>"; };
		2661C40B1BB082A9003A49F9 /* tutorialassets.xcassets */ = {isa = PBXFileReference; lastKnownFileType = folder.assetcatalog; path = tutorialassets.xcassets; sourceTree = "<group>"; };
		2682DF6E1BB4838900ACF1A6 /* popup.atlas */ = {isa = PBXFileReference; lastKnownFileType = folder.skatlas; path = popup.atlas; sourceTree = "<group>"; };
		269F18AF1B86583000EAD94F /* wind.atlas */ = {isa = PBXFileReference; lastKnownFileType = folder.skatlas; path = wind.atlas; sourceTree = "<group>"; };
		26B2D9BE1B87A8920056015F /* fish.atlas */ = {isa = PBXFileReference; lastKnownFileType = folder.skatlas; path = fish.atlas; sourceTree = "<group>"; };
		26B2D9C01B87A8B20056015F /* teste.sks */ = {isa = PBXFileReference; lastKnownFileType = file.sks; path = teste.sks; sourceTree = "<group>"; };
		26B2D9C41B87AB110056015F /* teste.sks */ = {isa = PBXFileReference; lastKnownFileType = file.sks; path = teste.sks; sourceTree = "<group>"; };
		26B2D9C61B87AC030056015F /* BombTGameScene.swift */ = {isa = PBXFileReference; fileEncoding = 4; lastKnownFileType = sourcecode.swift; path = BombTGameScene.swift; sourceTree = "<group>"; };
		26B2D9C81B87AE570056015F /* MiniGameViewController.swift */ = {isa = PBXFileReference; fileEncoding = 4; lastKnownFileType = sourcecode.swift; path = MiniGameViewController.swift; sourceTree = "<group>"; };
		26CF80991B8CD59000DFCB73 /* fireBombParticle.sks */ = {isa = PBXFileReference; lastKnownFileType = file.sks; path = fireBombParticle.sks; sourceTree = "<group>"; };
		26CF809B1B8CD67E00DFCB73 /* FireBombSpark.swift */ = {isa = PBXFileReference; fileEncoding = 4; lastKnownFileType = sourcecode.swift; path = FireBombSpark.swift; sourceTree = "<group>"; };
		26D019771B84FF0400C5C73D /* bubbleparticle.png */ = {isa = PBXFileReference; lastKnownFileType = image.png; path = bubbleparticle.png; sourceTree = "<group>"; };
		26D6DA4D1B94BEE800E94400 /* bombGame.atlas */ = {isa = PBXFileReference; lastKnownFileType = folder.skatlas; path = bombGame.atlas; sourceTree = "<group>"; };
		26D6DA531B94CA7700E94400 /* bombSceneAssets.xcassets */ = {isa = PBXFileReference; lastKnownFileType = folder.assetcatalog; path = bombSceneAssets.xcassets; sourceTree = "<group>"; };
		4445D7C41B98C99F0049B787 /* AlertPath.swift */ = {isa = PBXFileReference; fileEncoding = 4; lastKnownFileType = sourcecode.swift; path = AlertPath.swift; sourceTree = "<group>"; };
		4473647C1B9A065400C8AD9D /* puffGame.atlas */ = {isa = PBXFileReference; lastKnownFileType = folder.skatlas; path = puffGame.atlas; sourceTree = "<group>"; };
		4473647E1B9A1DE800C8AD9D /* PuffPlayer.swift */ = {isa = PBXFileReference; fileEncoding = 4; lastKnownFileType = sourcecode.swift; path = PuffPlayer.swift; sourceTree = "<group>"; };
		447891DA1BBEF2120094E16B /* CardManager.swift */ = {isa = PBXFileReference; fileEncoding = 4; lastKnownFileType = sourcecode.swift; path = CardManager.swift; sourceTree = "<group>"; };
		5E0E06091B8E384300CE166E /* CGVector+Extension.swift */ = {isa = PBXFileReference; fileEncoding = 4; lastKnownFileType = sourcecode.swift; path = "CGVector+Extension.swift"; sourceTree = "<group>"; };
		5E1C59C81BB0771200BCDE1C /* CardSprite.swift */ = {isa = PBXFileReference; fileEncoding = 4; lastKnownFileType = sourcecode.swift; path = CardSprite.swift; sourceTree = "<group>"; };
		5E2095981BB973F2002FC8AF /* StoreScene.swift */ = {isa = PBXFileReference; fileEncoding = 4; lastKnownFileType = sourcecode.swift; path = StoreScene.swift; sourceTree = "<group>"; };
		5E3F1CB51B82658600F27D49 /* FlappyStoneNode.swift */ = {isa = PBXFileReference; fileEncoding = 4; lastKnownFileType = sourcecode.swift; path = FlappyStoneNode.swift; sourceTree = "<group>"; };
		5E4299311BB9880E004B1DF9 /* StoreButtonNode.swift */ = {isa = PBXFileReference; fileEncoding = 4; lastKnownFileType = sourcecode.swift; path = StoreButtonNode.swift; sourceTree = "<group>"; };
		5E4299331BB9914F004B1DF9 /* CardShowNode.swift */ = {isa = PBXFileReference; fileEncoding = 4; lastKnownFileType = sourcecode.swift; path = CardShowNode.swift; sourceTree = "<group>"; };
		5E51FBE51BD0315E00F482A6 /* endgameassets.xcassets */ = {isa = PBXFileReference; lastKnownFileType = folder.assetcatalog; path = endgameassets.xcassets; sourceTree = "<group>"; };
		5E531C591B87AA6500BBBD29 /* MessagesEnum.swift */ = {isa = PBXFileReference; fileEncoding = 4; lastKnownFileType = sourcecode.swift; path = MessagesEnum.swift; sourceTree = "<group>"; };
		5E5A64A31BC6E26B00D5AC09 /* PlayerNode.swift */ = {isa = PBXFileReference; fileEncoding = 4; lastKnownFileType = sourcecode.swift; path = PlayerNode.swift; sourceTree = "<group>"; };
		5E5A64A51BC6EC6B00D5AC09 /* TestViewController.swift */ = {isa = PBXFileReference; fileEncoding = 4; lastKnownFileType = sourcecode.swift; path = TestViewController.swift; sourceTree = "<group>"; };
		5E5A64A71BC6EC7C00D5AC09 /* TestScene.swift */ = {isa = PBXFileReference; fileEncoding = 4; lastKnownFileType = sourcecode.swift; path = TestScene.swift; sourceTree = "<group>"; };
		5E5AA4B91BDFD9C300596CC4 /* SetupPartyButton.swift */ = {isa = PBXFileReference; fileEncoding = 4; lastKnownFileType = sourcecode.swift; path = SetupPartyButton.swift; sourceTree = "<group>"; };
		5E60396B1B84F03100F63DC3 /* bubble.atlas */ = {isa = PBXFileReference; lastKnownFileType = folder.skatlas; path = bubble.atlas; sourceTree = "<group>"; };
		5E6039731B85017700F63DC3 /* rock.atlas */ = {isa = PBXFileReference; lastKnownFileType = folder.skatlas; path = rock.atlas; sourceTree = "<group>"; };
		5E677F061B8B877F00238881 /* SwipeGamePadControllerViewController.swift */ = {isa = PBXFileReference; fileEncoding = 4; lastKnownFileType = sourcecode.swift; path = SwipeGamePadControllerViewController.swift; sourceTree = "<group>"; };
		5E68AD7A1B8CCD3E00FD4404 /* BombPlayerNode.swift */ = {isa = PBXFileReference; fileEncoding = 4; lastKnownFileType = sourcecode.swift; path = BombPlayerNode.swift; sourceTree = "<group>"; };
		5E68AD7E1B8CD57C00FD4404 /* BombWallNode.swift */ = {isa = PBXFileReference; fileEncoding = 4; lastKnownFileType = sourcecode.swift; path = BombWallNode.swift; sourceTree = "<group>"; };
		5E68DAAA1BA9ECCB00DB14FB /* PlayerButtonNode.swift */ = {isa = PBXFileReference; fileEncoding = 4; lastKnownFileType = sourcecode.swift; path = PlayerButtonNode.swift; sourceTree = "<group>"; };
		5E70C7D21B9A0DB1005C753B /* NoAnimationSegue.swift */ = {isa = PBXFileReference; fileEncoding = 4; lastKnownFileType = sourcecode.swift; path = NoAnimationSegue.swift; sourceTree = "<group>"; };
		5E7DCE901B82447B00229F04 /* FlappyPlayerNode.swift */ = {isa = PBXFileReference; fileEncoding = 4; lastKnownFileType = sourcecode.swift; path = FlappyPlayerNode.swift; sourceTree = "<group>"; };
		5E7E45BB1B960AC600249B8A /* MinigameDescriptionViewController.swift */ = {isa = PBXFileReference; fileEncoding = 4; lastKnownFileType = sourcecode.swift; path = MinigameDescriptionViewController.swift; sourceTree = "<group>"; };
		5E840FFD1BA9CBB00099B16B /* CardCarousellNode.swift */ = {isa = PBXFileReference; fileEncoding = 4; lastKnownFileType = sourcecode.swift; path = CardCarousellNode.swift; sourceTree = "<group>"; };
		5E840FFF1BA9CC000099B16B /* PlayerControllerScene.swift */ = {isa = PBXFileReference; fileEncoding = 4; lastKnownFileType = sourcecode.swift; path = PlayerControllerScene.swift; sourceTree = "<group>"; };
		5E8F9DD61B7D0052004514D0 /* InitialViewController.swift */ = {isa = PBXFileReference; fileEncoding = 4; lastKnownFileType = sourcecode.swift; path = InitialViewController.swift; sourceTree = "<group>"; };
		5E8F9DE01B7D1663004514D0 /* Array+Extension.swift */ = {isa = PBXFileReference; fileEncoding = 4; lastKnownFileType = sourcecode.swift; path = "Array+Extension.swift"; sourceTree = "<group>"; };
		5E9EB32F1BDE89DF003974EB /* InformationBoxNode.swift */ = {isa = PBXFileReference; fileEncoding = 4; lastKnownFileType = sourcecode.swift; path = InformationBoxNode.swift; sourceTree = "<group>"; };
		5E9EB3311BDE8A44003974EB /* InformationArrowNode.swift */ = {isa = PBXFileReference; fileEncoding = 4; lastKnownFileType = sourcecode.swift; path = InformationArrowNode.swift; sourceTree = "<group>"; };
		5E9EB3341BDE97CB003974EB /* TutorialManager.swift */ = {isa = PBXFileReference; fileEncoding = 4; lastKnownFileType = sourcecode.swift; path = TutorialManager.swift; sourceTree = "<group>"; };
		5E9EB33A1BDEA4D6003974EB /* tutorial.atlas */ = {isa = PBXFileReference; lastKnownFileType = folder.skatlas; path = tutorial.atlas; sourceTree = "<group>"; };
		5EA49E091B87B59100AC51F8 /* MinigameScene.swift */ = {isa = PBXFileReference; fileEncoding = 4; lastKnownFileType = sourcecode.swift; path = MinigameScene.swift; sourceTree = "<group>"; };
		5EB9EE6E1B8412A90003C980 /* FlappyPowerupNode.swift */ = {isa = PBXFileReference; fileEncoding = 4; lastKnownFileType = sourcecode.swift; path = FlappyPowerupNode.swift; sourceTree = "<group>"; };
		5EC7FF891BC81E9500494CE4 /* charSprites.atlas */ = {isa = PBXFileReference; lastKnownFileType = folder.skatlas; path = charSprites.atlas; sourceTree = "<group>"; };
		5ED294DA1BBD96B50073B148 /* cards.atlas */ = {isa = PBXFileReference; lastKnownFileType = folder.skatlas; path = cards.atlas; sourceTree = "<group>"; };
		5ED294DD1BBD9AAA0073B148 /* AccelerometerScene.swift */ = {isa = PBXFileReference; fileEncoding = 4; lastKnownFileType = sourcecode.swift; path = AccelerometerScene.swift; sourceTree = "<group>"; };
		5ED294DF1BBD9C030073B148 /* GamePadScene.swift */ = {isa = PBXFileReference; fileEncoding = 4; lastKnownFileType = sourcecode.swift; path = GamePadScene.swift; sourceTree = "<group>"; };
		5ED294E11BBD9D380073B148 /* SwipeScene.swift */ = {isa = PBXFileReference; fileEncoding = 4; lastKnownFileType = sourcecode.swift; path = SwipeScene.swift; sourceTree = "<group>"; };
		5ED9E87D1B7128060073FB7B /* FlappyGameScene.swift */ = {isa = PBXFileReference; fileEncoding = 4; lastKnownFileType = sourcecode.swift; path = FlappyGameScene.swift; sourceTree = "<group>"; };
		5EE219F51BD0161300D6EF98 /* DiceNode.swift */ = {isa = PBXFileReference; fileEncoding = 4; lastKnownFileType = sourcecode.swift; path = DiceNode.swift; sourceTree = "<group>"; };
		5EE219F71BD0280800D6EF98 /* coinParticle.sks */ = {isa = PBXFileReference; lastKnownFileType = file.sks; path = coinParticle.sks; sourceTree = "<group>"; };
		5EE219F91BD028D700D6EF98 /* EndGameParticleNode.swift */ = {isa = PBXFileReference; fileEncoding = 4; lastKnownFileType = sourcecode.swift; path = EndGameParticleNode.swift; sourceTree = "<group>"; };
		5EE267D61BC2A49D0006E5BD /* NotificationNode.swift */ = {isa = PBXFileReference; fileEncoding = 4; lastKnownFileType = sourcecode.swift; path = NotificationNode.swift; sourceTree = "<group>"; };
		5EF605F21B9CE49E0075504E /* CGFloat+Extension.swift */ = {isa = PBXFileReference; fileEncoding = 4; lastKnownFileType = sourcecode.swift; path = "CGFloat+Extension.swift"; sourceTree = "<group>"; };
		B503E3F31BAB2FA400C6284A /* GameOverSceneMP.swift */ = {isa = PBXFileReference; fileEncoding = 4; lastKnownFileType = sourcecode.swift; path = GameOverSceneMP.swift; sourceTree = "<group>"; };
		B51663EE1B7D0D720040A1B4 /* GamePadController.swift */ = {isa = PBXFileReference; fileEncoding = 4; lastKnownFileType = sourcecode.swift; path = GamePadController.swift; sourceTree = "<group>"; };
		B5279F8A1BB06C220015DBE7 /* Card.swift */ = {isa = PBXFileReference; fileEncoding = 4; lastKnownFileType = sourcecode.swift; path = Card.swift; sourceTree = "<group>"; };
		B5279F8C1BB06CB00015DBE7 /* ActiveCard.swift */ = {isa = PBXFileReference; fileEncoding = 4; lastKnownFileType = sourcecode.swift; path = ActiveCard.swift; sourceTree = "<group>"; };
		B5279F8E1BB06CE10015DBE7 /* NotActiveCard.swift */ = {isa = PBXFileReference; fileEncoding = 4; lastKnownFileType = sourcecode.swift; path = NotActiveCard.swift; sourceTree = "<group>"; };
		B5279F921BB08C7D0015DBE7 /* StealGoldCard.swift */ = {isa = PBXFileReference; fileEncoding = 4; lastKnownFileType = sourcecode.swift; path = StealGoldCard.swift; sourceTree = "<group>"; };
		B552F30F1BD17375005FB7BC /* TutorialNodeScene.swift */ = {isa = PBXFileReference; fileEncoding = 4; lastKnownFileType = sourcecode.swift; path = TutorialNodeScene.swift; sourceTree = "<group>"; };
		B579AB671BB332E700B9D181 /* MoveBackCard.swift */ = {isa = PBXFileReference; fileEncoding = 4; lastKnownFileType = sourcecode.swift; path = MoveBackCard.swift; sourceTree = "<group>"; };
		B579AB691BB3358800B9D181 /* LoseOneCard.swift */ = {isa = PBXFileReference; fileEncoding = 4; lastKnownFileType = sourcecode.swift; path = LoseOneCard.swift; sourceTree = "<group>"; };
		B57B33641B864EC7000E5F53 /* PlayerParticle.sks */ = {isa = PBXFileReference; lastKnownFileType = file.sks; path = PlayerParticle.sks; sourceTree = "<group>"; };
		B57B33661B86566E000E5F53 /* GameOver.xib */ = {isa = PBXFileReference; fileEncoding = 4; lastKnownFileType = file.xib; path = GameOver.xib; sourceTree = "<group>"; };
		B57B33681B8656D7000E5F53 /* GameOverXib.swift */ = {isa = PBXFileReference; fileEncoding = 4; lastKnownFileType = sourcecode.swift; path = GameOverXib.swift; sourceTree = "<group>"; };
		B5840CC71BC43E1D006E741B /* EndGameIphoneScene.swift */ = {isa = PBXFileReference; fileEncoding = 4; lastKnownFileType = sourcecode.swift; path = EndGameIphoneScene.swift; sourceTree = "<group>"; };
		B5A7685C1BBEF4B3006819B9 /* EndGameScene.swift */ = {isa = PBXFileReference; fileEncoding = 4; lastKnownFileType = sourcecode.swift; path = EndGameScene.swift; sourceTree = "<group>"; };
		B5AFAD071B94C1DD0005F19E /* MinigameCollectionViewController.swift */ = {isa = PBXFileReference; fileEncoding = 4; lastKnownFileType = sourcecode.swift; path = MinigameCollectionViewController.swift; sourceTree = "<group>"; };
		B5AFAD091B94C3770005F19E /* CustomMinigameCollectionView.swift */ = {isa = PBXFileReference; fileEncoding = 4; lastKnownFileType = sourcecode.swift; path = CustomMinigameCollectionView.swift; sourceTree = "<group>"; };
		B5AFAD0E1B9608F70005F19E /* PartyModeScene.swift */ = {isa = PBXFileReference; fileEncoding = 4; lastKnownFileType = sourcecode.swift; path = PartyModeScene.swift; sourceTree = "<group>"; };
		B5AFAD101B9761960005F19E /* PartyModeViewControllerIPAD.swift */ = {isa = PBXFileReference; fileEncoding = 4; lastKnownFileType = sourcecode.swift; path = PartyModeViewControllerIPAD.swift; sourceTree = "<group>"; };
		B5AFAD141BA09BD40005F19E /* GameOverSceneSP.swift */ = {isa = PBXFileReference; fileEncoding = 4; lastKnownFileType = sourcecode.swift; path = GameOverSceneSP.swift; sourceTree = "<group>"; };
		B5AFAD191BA1E6380005F19E /* MinigameCollectionScene.swift */ = {isa = PBXFileReference; fileEncoding = 4; lastKnownFileType = sourcecode.swift; path = MinigameCollectionScene.swift; sourceTree = "<group>"; };
		B5B929231BC6F52400DD2C46 /* cardThrowSound.wav */ = {isa = PBXFileReference; lastKnownFileType = audio.wav; path = cardThrowSound.wav; sourceTree = "<group>"; };
		B5CD203A1BBDA86600D184F6 /* avatar.atlas */ = {isa = PBXFileReference; lastKnownFileType = folder.skatlas; path = avatar.atlas; sourceTree = "<group>"; };
		B5DD1B3B1B8799B200AA1EB6 /* GameOverScene.sks */ = {isa = PBXFileReference; lastKnownFileType = file.sks; path = GameOverScene.sks; sourceTree = "<group>"; };
		B5DD1B3D1B87AE9D00AA1EB6 /* GameManager.swift */ = {isa = PBXFileReference; fileEncoding = 4; lastKnownFileType = sourcecode.swift; path = GameManager.swift; sourceTree = "<group>"; };
		B5DD1B3F1B8B7B1F00AA1EB6 /* CustomGameOverCell.swift */ = {isa = PBXFileReference; fileEncoding = 4; lastKnownFileType = sourcecode.swift; path = CustomGameOverCell.swift; sourceTree = "<group>"; };
		B5DD1B431B8CD53400AA1EB6 /* AccelerometerGamePadController.swift */ = {isa = PBXFileReference; fileEncoding = 4; lastKnownFileType = sourcecode.swift; path = AccelerometerGamePadController.swift; sourceTree = "<group>"; };
		B5DD1B461B8F712A00AA1EB6 /* AudioSource.swift */ = {isa = PBXFileReference; fileEncoding = 4; lastKnownFileType = sourcecode.swift; path = AudioSource.swift; sourceTree = "<group>"; };
		B5DD1B491B8F73D300AA1EB6 /* wavesSound.wav */ = {isa = PBXFileReference; lastKnownFileType = audio.wav; path = wavesSound.wav; sourceTree = "<group>"; };
		B5DD1B4B1B8F745700AA1EB6 /* explosionSound.wav */ = {isa = PBXFileReference; lastKnownFileType = audio.wav; path = explosionSound.wav; sourceTree = "<group>"; };
		B5DD1B4D1B8F7EDB00AA1EB6 /* bubbleSound.aif */ = {isa = PBXFileReference; lastKnownFileType = file; path = bubbleSound.aif; sourceTree = "<group>"; };
		B5DD1B4F1B8F888200AA1EB6 /* bubbleSound.mp3 */ = {isa = PBXFileReference; lastKnownFileType = audio.mp3; path = bubbleSound.mp3; sourceTree = "<group>"; };
		B5DD1B511B8F8D0500AA1EB6 /* bubbleSound2.wav */ = {isa = PBXFileReference; lastKnownFileType = audio.wav; path = bubbleSound2.wav; sourceTree = "<group>"; };
		B5DD1B531B8F90EC00AA1EB6 /* funMusic.mp3 */ = {isa = PBXFileReference; lastKnownFileType = audio.mp3; path = funMusic.mp3; sourceTree = "<group>"; };
		B5F60BB81B83B76E00786728 /* MyParticle.sks */ = {isa = PBXFileReference; lastKnownFileType = file.sks; path = MyParticle.sks; sourceTree = "<group>"; };
		B5F60BB91B83B76E00786728 /* spark.png */ = {isa = PBXFileReference; lastKnownFileType = image.png; path = spark.png; sourceTree = "<group>"; };
		B5F60BBD1B83C36C00786728 /* Player.swift */ = {isa = PBXFileReference; fileEncoding = 4; lastKnownFileType = sourcecode.swift; path = Player.swift; sourceTree = "<group>"; };
		B5F60BBF1B84ECB500786728 /* FlappyParticleNode.swift */ = {isa = PBXFileReference; fileEncoding = 4; lastKnownFileType = sourcecode.swift; path = FlappyParticleNode.swift; sourceTree = "<group>"; };
		B5F60BC11B84FA0400786728 /* MyParticle2.sks */ = {isa = PBXFileReference; lastKnownFileType = file.sks; path = MyParticle2.sks; sourceTree = "<group>"; };
		DB129D681BB31D15002B4862 /* squarePopUp.atlas */ = {isa = PBXFileReference; lastKnownFileType = folder.skatlas; path = squarePopUp.atlas; sourceTree = "<group>"; };
		DB1748BF1B8CF2DC00201BA2 /* iPhonePlayerViewController.swift */ = {isa = PBXFileReference; fileEncoding = 4; lastKnownFileType = sourcecode.swift; path = iPhonePlayerViewController.swift; sourceTree = "<group>"; };
		DB42C9BB1BA9D59400D6D247 /* Board.atlas */ = {isa = PBXFileReference; lastKnownFileType = folder.skatlas; path = Board.atlas; sourceTree = "<group>"; };
		DB458B6D1B5409B90066B38C /* FinalChallenge.app */ = {isa = PBXFileReference; explicitFileType = wrapper.application; includeInIndex = 0; path = FinalChallenge.app; sourceTree = BUILT_PRODUCTS_DIR; };
		DB458B711B5409B90066B38C /* Info.plist */ = {isa = PBXFileReference; lastKnownFileType = text.plist.xml; path = Info.plist; sourceTree = "<group>"; };
		DB458B721B5409B90066B38C /* AppDelegate.swift */ = {isa = PBXFileReference; lastKnownFileType = sourcecode.swift; path = AppDelegate.swift; sourceTree = "<group>"; };
		DB458B751B5409B90066B38C /* FinalChallenge.xcdatamodel */ = {isa = PBXFileReference; lastKnownFileType = wrapper.xcdatamodel; path = FinalChallenge.xcdatamodel; sourceTree = "<group>"; };
		DB458B771B5409B90066B38C /* ViewController.swift */ = {isa = PBXFileReference; lastKnownFileType = sourcecode.swift; path = ViewController.swift; sourceTree = "<group>"; };
		DB458B7A1B5409B90066B38C /* Base */ = {isa = PBXFileReference; lastKnownFileType = file.storyboard; name = Base; path = Base.lproj/Main.storyboard; sourceTree = "<group>"; };
		DB458B7C1B5409B90066B38C /* Images.xcassets */ = {isa = PBXFileReference; lastKnownFileType = folder.assetcatalog; path = Images.xcassets; sourceTree = "<group>"; };
		DB458B7F1B5409B90066B38C /* Base */ = {isa = PBXFileReference; lastKnownFileType = file.xib; name = Base; path = Base.lproj/LaunchScreen.xib; sourceTree = "<group>"; };
		DB458B851B5409B90066B38C /* FinalChallengeTests.xctest */ = {isa = PBXFileReference; explicitFileType = wrapper.cfbundle; includeInIndex = 0; path = FinalChallengeTests.xctest; sourceTree = BUILT_PRODUCTS_DIR; };
		DB458B8A1B5409B90066B38C /* Info.plist */ = {isa = PBXFileReference; lastKnownFileType = text.plist.xml; path = Info.plist; sourceTree = "<group>"; };
		DB458B8B1B5409B90066B38C /* FinalChallengeTests.swift */ = {isa = PBXFileReference; lastKnownFileType = sourcecode.swift; path = FinalChallengeTests.swift; sourceTree = "<group>"; };
		DB495B201BC6E32800A8E0DE /* BoardNode.swift */ = {isa = PBXFileReference; fileEncoding = 4; lastKnownFileType = sourcecode.swift; path = BoardNode.swift; sourceTree = "<group>"; };
		DB4E51FE1B714194008333D3 /* ConnectionManager.swift */ = {isa = PBXFileReference; fileEncoding = 4; lastKnownFileType = sourcecode.swift; path = ConnectionManager.swift; sourceTree = "<group>"; };
		DB73E8111B72834400F7D7C7 /* BoardGraph.swift */ = {isa = PBXFileReference; fileEncoding = 4; lastKnownFileType = sourcecode.swift; path = BoardGraph.swift; sourceTree = "<group>"; };
		DB73E8131B72838D00F7D7C7 /* Board.sks */ = {isa = PBXFileReference; lastKnownFileType = file.sks; path = Board.sks; sourceTree = "<group>"; };
		DB73E8151B7286A800F7D7C7 /* BoardViewController.swift */ = {isa = PBXFileReference; fileEncoding = 4; lastKnownFileType = sourcecode.swift; path = BoardViewController.swift; sourceTree = "<group>"; };
		DB8C2C2E1BB06D6B0080C2D2 /* board_3.xml */ = {isa = PBXFileReference; fileEncoding = 4; lastKnownFileType = text.xml; path = board_3.xml; sourceTree = "<group>"; };
		DB98FEA51B825ED300AD5098 /* board_1.xml */ = {isa = PBXFileReference; fileEncoding = 4; lastKnownFileType = text.xml; path = board_1.xml; sourceTree = "<group>"; };
		DBC57FE11B83AEA200CA0232 /* XMLParser.swift */ = {isa = PBXFileReference; fileEncoding = 4; lastKnownFileType = sourcecode.swift; path = XMLParser.swift; sourceTree = "<group>"; };
		DBC57FE31B83AEC300CA0232 /* BoardScene.swift */ = {isa = PBXFileReference; fileEncoding = 4; lastKnownFileType = sourcecode.swift; path = BoardScene.swift; sourceTree = "<group>"; };
		DBE862041B850DB700C8099E /* board_2.xml */ = {isa = PBXFileReference; fileEncoding = 4; lastKnownFileType = text.xml; path = board_2.xml; sourceTree = "<group>"; };
		DBE862061B8552C800C8099E /* MainBoard.swift */ = {isa = PBXFileReference; fileEncoding = 4; lastKnownFileType = sourcecode.swift; path = MainBoard.swift; sourceTree = "<group>"; };
		DBE862081B863BD400C8099E /* MainBoard.sks */ = {isa = PBXFileReference; lastKnownFileType = file.sks; path = MainBoard.sks; sourceTree = "<group>"; };
		DBF7C0BF1B98D4EE0010FCFE /* PuffGameScene.sks */ = {isa = PBXFileReference; lastKnownFileType = file.sks; path = PuffGameScene.sks; sourceTree = "<group>"; };
		DBF7C0C11B98D50E0010FCFE /* PuffGameControl.sks */ = {isa = PBXFileReference; lastKnownFileType = file.sks; path = PuffGameControl.sks; sourceTree = "<group>"; };
		DBF7C0C31B98D5430010FCFE /* PuffGameScene.swift */ = {isa = PBXFileReference; fileEncoding = 4; lastKnownFileType = sourcecode.swift; path = PuffGameScene.swift; sourceTree = "<group>"; };
		DBF7C0C51B98D8050010FCFE /* PuffGameViewController.swift */ = {isa = PBXFileReference; fileEncoding = 4; lastKnownFileType = sourcecode.swift; path = PuffGameViewController.swift; sourceTree = "<group>"; };
		DBF7C0C71B98DDB90010FCFE /* PuffGamePad.swift */ = {isa = PBXFileReference; fileEncoding = 4; lastKnownFileType = sourcecode.swift; path = PuffGamePad.swift; sourceTree = "<group>"; };
/* End PBXFileReference section */

/* Begin PBXFrameworksBuildPhase section */
		DB458B6A1B5409B90066B38C /* Frameworks */ = {
			isa = PBXFrameworksBuildPhase;
			buildActionMask = 2147483647;
			files = (
			);
			runOnlyForDeploymentPostprocessing = 0;
		};
		DB458B821B5409B90066B38C /* Frameworks */ = {
			isa = PBXFrameworksBuildPhase;
			buildActionMask = 2147483647;
			files = (
			);
			runOnlyForDeploymentPostprocessing = 0;
		};
/* End PBXFrameworksBuildPhase section */

/* Begin PBXGroup section */
		26547BB41B9F68DF003DFD73 /* SetupPartyScene SK */ = {
			isa = PBXGroup;
			children = (
				26547BB21B9F4D59003DFD73 /* SetupParty.xcassets */,
				26547BAC1B9F4736003DFD73 /* SetupPartyScene.swift */,
				26547BB91B9F696E003DFD73 /* setupParticle1.sks */,
				264D0CDD1B9F6AE6005B7EE9 /* SetupParticle.swift */,
				5E5AA4B91BDFD9C300596CC4 /* SetupPartyButton.swift */,
			);
			name = "SetupPartyScene SK";
			sourceTree = "<group>";
		};
		5E2BAEE91BBB432D001C70EB /* PlayerScene */ = {
			isa = PBXGroup;
			children = (
				5E840FFF1BA9CC000099B16B /* PlayerControllerScene.swift */,
				5E68DAAA1BA9ECCB00DB14FB /* PlayerButtonNode.swift */,
				5E840FFD1BA9CBB00099B16B /* CardCarousellNode.swift */,
				5EE219F51BD0161300D6EF98 /* DiceNode.swift */,
			);
			name = PlayerScene;
			sourceTree = "<group>";
		};
		5E2BAEEA1BBB433B001C70EB /* StoreScene */ = {
			isa = PBXGroup;
			children = (
				5E2095981BB973F2002FC8AF /* StoreScene.swift */,
				5E4299311BB9880E004B1DF9 /* StoreButtonNode.swift */,
				5E4299331BB9914F004B1DF9 /* CardShowNode.swift */,
			);
			name = StoreScene;
			sourceTree = "<group>";
		};
		5E8410011BA9CC1B0099B16B /* PlayerControllerView */ = {
			isa = PBXGroup;
			children = (
				5ED294DA1BBD96B50073B148 /* cards.atlas */,
				DB1748BF1B8CF2DC00201BA2 /* iPhonePlayerViewController.swift */,
				5E1C59C81BB0771200BCDE1C /* CardSprite.swift */,
				5ED294DC1BBD9A700073B148 /* GamePads */,
				5E2BAEE91BBB432D001C70EB /* PlayerScene */,
				5E2BAEEA1BBB433B001C70EB /* StoreScene */,
				5EE267D61BC2A49D0006E5BD /* NotificationNode.swift */,
				B5840CC71BC43E1D006E741B /* EndGameIphoneScene.swift */,
			);
			name = PlayerControllerView;
			sourceTree = "<group>";
		};
		5E8F9DD81B7D0093004514D0 /* ViewControllers */ = {
			isa = PBXGroup;
			children = (
				DB458B771B5409B90066B38C /* ViewController.swift */,
				5E8F9DD61B7D0052004514D0 /* InitialViewController.swift */,
				5E8410011BA9CC1B0099B16B /* PlayerControllerView */,
				B5AFAD071B94C1DD0005F19E /* MinigameCollectionViewController.swift */,
				B5AFAD191BA1E6380005F19E /* MinigameCollectionScene.swift */,
				B5CD203A1BBDA86600D184F6 /* avatar.atlas */,
				B5AFAD0E1B9608F70005F19E /* PartyModeScene.swift */,
				B5AFAD101B9761960005F19E /* PartyModeViewControllerIPAD.swift */,
				26547BB41B9F68DF003DFD73 /* SetupPartyScene SK */,
				B552F30F1BD17375005FB7BC /* TutorialNodeScene.swift */,
			);
			name = ViewControllers;
			sourceTree = "<group>";
		};
		5E8F9DDF1B7D1651004514D0 /* Extensions */ = {
			isa = PBXGroup;
			children = (
				5E8F9DE01B7D1663004514D0 /* Array+Extension.swift */,
				5E0E06091B8E384300CE166E /* CGVector+Extension.swift */,
				5EF605F21B9CE49E0075504E /* CGFloat+Extension.swift */,
			);
			name = Extensions;
			sourceTree = "<group>";
		};
		5E9EB3331BDE9793003974EB /* Tutorial */ = {
			isa = PBXGroup;
			children = (
				5E9EB32F1BDE89DF003974EB /* InformationBoxNode.swift */,
				5E9EB3311BDE8A44003974EB /* InformationArrowNode.swift */,
				5E9EB3341BDE97CB003974EB /* TutorialManager.swift */,
				5E9EB33A1BDEA4D6003974EB /* tutorial.atlas */,
			);
			name = Tutorial;
			sourceTree = "<group>";
		};
		5EA49E0B1B87BB9000AC51F8 /* BombGame */ = {
			isa = PBXGroup;
			children = (
				5EA49E0C1B87BB9C00AC51F8 /* Resources */,
				26B2D9C61B87AC030056015F /* BombTGameScene.swift */,
				26CF809B1B8CD67E00DFCB73 /* FireBombSpark.swift */,
				5E68AD7E1B8CD57C00FD4404 /* BombWallNode.swift */,
				5E68AD7A1B8CCD3E00FD4404 /* BombPlayerNode.swift */,
			);
			name = BombGame;
			sourceTree = "<group>";
		};
		5EA49E0C1B87BB9C00AC51F8 /* Resources */ = {
			isa = PBXGroup;
			children = (
				26D6DA4D1B94BEE800E94400 /* bombGame.atlas */,
				26CF80991B8CD59000DFCB73 /* fireBombParticle.sks */,
				26D6DA531B94CA7700E94400 /* bombSceneAssets.xcassets */,
			);
			name = Resources;
			sourceTree = "<group>";
		};
		5ED294DC1BBD9A700073B148 /* GamePads */ = {
			isa = PBXGroup;
			children = (
				5ED294DD1BBD9AAA0073B148 /* AccelerometerScene.swift */,
				5ED294DF1BBD9C030073B148 /* GamePadScene.swift */,
				5ED294E11BBD9D380073B148 /* SwipeScene.swift */,
				262C07F21BD02B3400246DF5 /* roboPadAssets.xcassets */,
			);
			name = GamePads;
			sourceTree = "<group>";
		};
		5ED9E8771B7127760073FB7B /* FlappyGame */ = {
			isa = PBXGroup;
			children = (
				B5F60BB71B83B73100786728 /* Resources */,
				5ED9E87D1B7128060073FB7B /* FlappyGameScene.swift */,
				5E7DCE901B82447B00229F04 /* FlappyPlayerNode.swift */,
				5E3F1CB51B82658600F27D49 /* FlappyStoneNode.swift */,
				5EB9EE6E1B8412A90003C980 /* FlappyPowerupNode.swift */,
				B5F60BBF1B84ECB500786728 /* FlappyParticleNode.swift */,
			);
			name = FlappyGame;
			sourceTree = "<group>";
		};
		5ED9E8781B7127830073FB7B /* Minigames */ = {
			isa = PBXGroup;
			children = (
				5EE219F71BD0280800D6EF98 /* coinParticle.sks */,
				5E7E45BB1B960AC600249B8A /* MinigameDescriptionViewController.swift */,
				26B2D9C81B87AE570056015F /* MiniGameViewController.swift */,
				5EA49E091B87B59100AC51F8 /* MinigameScene.swift */,
				B5AFAD141BA09BD40005F19E /* GameOverSceneSP.swift */,
				B503E3F31BAB2FA400C6284A /* GameOverSceneMP.swift */,
				2661C4091BB07EEC003A49F9 /* TutorialScene.swift */,
				DBF7C0BD1B98D4920010FCFE /* PuffGame */,
				5EA49E0B1B87BB9000AC51F8 /* BombGame */,
				5ED9E8771B7127760073FB7B /* FlappyGame */,
				2682DF6E1BB4838900ACF1A6 /* popup.atlas */,
				2661C40B1BB082A9003A49F9 /* tutorialassets.xcassets */,
				5EE219F91BD028D700D6EF98 /* EndGameParticleNode.swift */,
				5E51FBE51BD0315E00F482A6 /* endgameassets.xcassets */,
			);
			name = Minigames;
			sourceTree = "<group>";
		};
		B5279F891BB06C0B0015DBE7 /* Cards */ = {
			isa = PBXGroup;
			children = (
				B5279F8A1BB06C220015DBE7 /* Card.swift */,
				B5279F901BB08C3E0015DBE7 /* ActivateCards */,
				B5279F911BB08C550015DBE7 /* NotActivateCards */,
			);
			name = Cards;
			sourceTree = "<group>";
		};
		B5279F901BB08C3E0015DBE7 /* ActivateCards */ = {
			isa = PBXGroup;
			children = (
				B5279F8C1BB06CB00015DBE7 /* ActiveCard.swift */,
				B5279F921BB08C7D0015DBE7 /* StealGoldCard.swift */,
				B579AB671BB332E700B9D181 /* MoveBackCard.swift */,
				B579AB691BB3358800B9D181 /* LoseOneCard.swift */,
			);
			name = ActivateCards;
			sourceTree = "<group>";
		};
		B5279F911BB08C550015DBE7 /* NotActivateCards */ = {
			isa = PBXGroup;
			children = (
				B5279F8E1BB06CE10015DBE7 /* NotActiveCard.swift */,
			);
			name = NotActivateCards;
			sourceTree = "<group>";
		};
		B5B9291F1BC6F4EB00DD2C46 /* FlappyFish Sound */ = {
			isa = PBXGroup;
			children = (
				2605B24A1BD965FF00DAE7D1 /* flappymusic.mp3 */,
				B5DD1B491B8F73D300AA1EB6 /* wavesSound.wav */,
				B5DD1B531B8F90EC00AA1EB6 /* funMusic.mp3 */,
				B5DD1B511B8F8D0500AA1EB6 /* bubbleSound2.wav */,
				B5DD1B4F1B8F888200AA1EB6 /* bubbleSound.mp3 */,
				B5DD1B4D1B8F7EDB00AA1EB6 /* bubbleSound.aif */,
			);
			name = "FlappyFish Sound";
			sourceTree = "<group>";
		};
		B5B929201BC6F4FC00DD2C46 /* BombGame */ = {
			isa = PBXGroup;
			children = (
				2605B2481BD9649500DAE7D1 /* bombgame.mp3 */,
				B5DD1B4B1B8F745700AA1EB6 /* explosionSound.wav */,
			);
			name = BombGame;
			sourceTree = "<group>";
		};
		B5B929211BC6F50E00DD2C46 /* MainGame */ = {
			isa = PBXGroup;
			children = (
				2605B2461BD9630900DAE7D1 /* maingame.mp3 */,
				B5B929221BC6F51900DD2C46 /* iphone */,
			);
			name = MainGame;
			sourceTree = "<group>";
		};
		B5B929221BC6F51900DD2C46 /* iphone */ = {
			isa = PBXGroup;
			children = (
				B5B929231BC6F52400DD2C46 /* cardThrowSound.wav */,
			);
			name = iphone;
			sourceTree = "<group>";
		};
		B5DD1B451B8F6D8300AA1EB6 /* Pads */ = {
			isa = PBXGroup;
			children = (
				B5DD1B431B8CD53400AA1EB6 /* AccelerometerGamePadController.swift */,
				5E677F061B8B877F00238881 /* SwipeGamePadControllerViewController.swift */,
				B51663EE1B7D0D720040A1B4 /* GamePadController.swift */,
				DBF7C0C71B98DDB90010FCFE /* PuffGamePad.swift */,
			);
			name = Pads;
			sourceTree = "<group>";
		};
		B5DD1B481B8F73BB00AA1EB6 /* AudioFiles */ = {
			isa = PBXGroup;
			children = (
				B5B929211BC6F50E00DD2C46 /* MainGame */,
				B5B929201BC6F4FC00DD2C46 /* BombGame */,
				B5B9291F1BC6F4EB00DD2C46 /* FlappyFish Sound */,
			);
			name = AudioFiles;
			sourceTree = "<group>";
		};
		B5F60BB71B83B73100786728 /* Resources */ = {
			isa = PBXGroup;
			children = (
				26B2D9C41B87AB110056015F /* teste.sks */,
				269F18AF1B86583000EAD94F /* wind.atlas */,
				B5F60BB81B83B76E00786728 /* MyParticle.sks */,
				26D019771B84FF0400C5C73D /* bubbleparticle.png */,
				5E6039731B85017700F63DC3 /* rock.atlas */,
				B5F60BB91B83B76E00786728 /* spark.png */,
				26B2D9BE1B87A8920056015F /* fish.atlas */,
				5E60396B1B84F03100F63DC3 /* bubble.atlas */,
				B5F60BC11B84FA0400786728 /* MyParticle2.sks */,
				B57B33641B864EC7000E5F53 /* PlayerParticle.sks */,
				B57B33661B86566E000E5F53 /* GameOver.xib */,
				B57B33681B8656D7000E5F53 /* GameOverXib.swift */,
				26B2D9C01B87A8B20056015F /* teste.sks */,
				B5DD1B3B1B8799B200AA1EB6 /* GameOverScene.sks */,
			);
			name = Resources;
			sourceTree = "<group>";
		};
		B5F60BBC1B83C35800786728 /* Model */ = {
			isa = PBXGroup;
			children = (
				B5279F891BB06C0B0015DBE7 /* Cards */,
				B5F60BBD1B83C36C00786728 /* Player.swift */,
			);
			name = Model;
			sourceTree = "<group>";
		};
		DB458B641B5409B90066B38C = {
			isa = PBXGroup;
			children = (
				262C07F01BD0298A00246DF5 /* TestterViewController.swift */,
				DB458B6F1B5409B90066B38C /* FinalChallenge */,
				DB458B881B5409B90066B38C /* FinalChallengeTests */,
				DB458B6E1B5409B90066B38C /* Products */,
			);
			sourceTree = "<group>";
		};
		DB458B6E1B5409B90066B38C /* Products */ = {
			isa = PBXGroup;
			children = (
				DB458B6D1B5409B90066B38C /* FinalChallenge.app */,
				DB458B851B5409B90066B38C /* FinalChallengeTests.xctest */,
			);
			name = Products;
			sourceTree = "<group>";
		};
		DB458B6F1B5409B90066B38C /* FinalChallenge */ = {
			isa = PBXGroup;
			children = (
				B5DD1B481B8F73BB00AA1EB6 /* AudioFiles */,
				B5F60BBC1B83C35800786728 /* Model */,
				5E8F9DDF1B7D1651004514D0 /* Extensions */,
				DB4E52001B714A10008333D3 /* Board */,
				DB4E51FD1B714149008333D3 /* Utils */,
				5ED9E8781B7127830073FB7B /* Minigames */,
				5E8F9DD81B7D0093004514D0 /* ViewControllers */,
				DB458B791B5409B90066B38C /* Main.storyboard */,
				DB458B721B5409B90066B38C /* AppDelegate.swift */,
				DB458B7C1B5409B90066B38C /* Images.xcassets */,
				DB458B7E1B5409B90066B38C /* LaunchScreen.xib */,
				DB458B741B5409B90066B38C /* FinalChallenge.xcdatamodeld */,
				DB458B701B5409B90066B38C /* Supporting Files */,
			);
			path = FinalChallenge;
			sourceTree = "<group>";
		};
		DB458B701B5409B90066B38C /* Supporting Files */ = {
			isa = PBXGroup;
			children = (
				DB458B711B5409B90066B38C /* Info.plist */,
			);
			name = "Supporting Files";
			sourceTree = "<group>";
		};
		DB458B881B5409B90066B38C /* FinalChallengeTests */ = {
			isa = PBXGroup;
			children = (
				DB458B8B1B5409B90066B38C /* FinalChallengeTests.swift */,
				DB458B891B5409B90066B38C /* Supporting Files */,
			);
			path = FinalChallengeTests;
			sourceTree = "<group>";
		};
		DB458B891B5409B90066B38C /* Supporting Files */ = {
			isa = PBXGroup;
			children = (
				DB458B8A1B5409B90066B38C /* Info.plist */,
			);
			name = "Supporting Files";
			sourceTree = "<group>";
		};
		DB4E51FD1B714149008333D3 /* Utils */ = {
			isa = PBXGroup;
			children = (
				B5DD1B451B8F6D8300AA1EB6 /* Pads */,
				DB4E51FE1B714194008333D3 /* ConnectionManager.swift */,
				DBC57FE11B83AEA200CA0232 /* XMLParser.swift */,
				5E531C591B87AA6500BBBD29 /* MessagesEnum.swift */,
				B5DD1B3D1B87AE9D00AA1EB6 /* GameManager.swift */,
				B5DD1B3F1B8B7B1F00AA1EB6 /* CustomGameOverCell.swift */,
				B5DD1B461B8F712A00AA1EB6 /* AudioSource.swift */,
				B5AFAD091B94C3770005F19E /* CustomMinigameCollectionView.swift */,
				4445D7C41B98C99F0049B787 /* AlertPath.swift */,
				5E70C7D21B9A0DB1005C753B /* NoAnimationSegue.swift */,
				447891DA1BBEF2120094E16B /* CardManager.swift */,
				5E9EB3331BDE9793003974EB /* Tutorial */,
			);
			name = Utils;
			sourceTree = "<group>";
		};
		DB4E52001B714A10008333D3 /* Board */ = {
			isa = PBXGroup;
			children = (
				DB42C9BB1BA9D59400D6D247 /* Board.atlas */,
				DB98FEA51B825ED300AD5098 /* board_1.xml */,
				DBE862041B850DB700C8099E /* board_2.xml */,
				DB8C2C2E1BB06D6B0080C2D2 /* board_3.xml */,
				DB73E8111B72834400F7D7C7 /* BoardGraph.swift */,
				DB73E8131B72838D00F7D7C7 /* Board.sks */,
				DBE862081B863BD400C8099E /* MainBoard.sks */,
				DB73E8151B7286A800F7D7C7 /* BoardViewController.swift */,
				DBC57FE31B83AEC300CA0232 /* BoardScene.swift */,
				DBE862061B8552C800C8099E /* MainBoard.swift */,
				B5A7685C1BBEF4B3006819B9 /* EndGameScene.swift */,
				5EC7FF891BC81E9500494CE4 /* charSprites.atlas */,
				DB495B201BC6E32800A8E0DE /* BoardNode.swift */,
				5E5A64A31BC6E26B00D5AC09 /* PlayerNode.swift */,
				5E5A64A51BC6EC6B00D5AC09 /* TestViewController.swift */,
				5E5A64A71BC6EC7C00D5AC09 /* TestScene.swift */,
			);
			name = Board;
			sourceTree = "<group>";
		};
		DBF7C0BD1B98D4920010FCFE /* PuffGame */ = {
			isa = PBXGroup;
			children = (
				4473647C1B9A065400C8AD9D /* puffGame.atlas */,
				DBF7C0BF1B98D4EE0010FCFE /* PuffGameScene.sks */,
				DBF7C0C11B98D50E0010FCFE /* PuffGameControl.sks */,
				DBF7C0C31B98D5430010FCFE /* PuffGameScene.swift */,
				DBF7C0C51B98D8050010FCFE /* PuffGameViewController.swift */,
				4473647E1B9A1DE800C8AD9D /* PuffPlayer.swift */,
			);
			name = PuffGame;
			sourceTree = "<group>";
		};
/* End PBXGroup section */

/* Begin PBXNativeTarget section */
		DB458B6C1B5409B90066B38C /* FinalChallenge */ = {
			isa = PBXNativeTarget;
			buildConfigurationList = DB458B8F1B5409B90066B38C /* Build configuration list for PBXNativeTarget "FinalChallenge" */;
			buildPhases = (
				DB458B691B5409B90066B38C /* Sources */,
				DB458B6A1B5409B90066B38C /* Frameworks */,
				DB458B6B1B5409B90066B38C /* Resources */,
			);
			buildRules = (
			);
			dependencies = (
			);
			name = FinalChallenge;
			productName = FinalChallenge;
			productReference = DB458B6D1B5409B90066B38C /* FinalChallenge.app */;
			productType = "com.apple.product-type.application";
		};
		DB458B841B5409B90066B38C /* FinalChallengeTests */ = {
			isa = PBXNativeTarget;
			buildConfigurationList = DB458B921B5409B90066B38C /* Build configuration list for PBXNativeTarget "FinalChallengeTests" */;
			buildPhases = (
				DB458B811B5409B90066B38C /* Sources */,
				DB458B821B5409B90066B38C /* Frameworks */,
				DB458B831B5409B90066B38C /* Resources */,
			);
			buildRules = (
			);
			dependencies = (
				DB458B871B5409B90066B38C /* PBXTargetDependency */,
			);
			name = FinalChallengeTests;
			productName = FinalChallengeTests;
			productReference = DB458B851B5409B90066B38C /* FinalChallengeTests.xctest */;
			productType = "com.apple.product-type.bundle.unit-test";
		};
/* End PBXNativeTarget section */

/* Begin PBXProject section */
		DB458B651B5409B90066B38C /* Project object */ = {
			isa = PBXProject;
			attributes = {
				LastSwiftMigration = 0700;
				LastSwiftUpdateCheck = 0700;
				LastUpgradeCheck = 0700;
				ORGANIZATIONNAME = "Hariel Giacomuzzi";
				TargetAttributes = {
					DB458B6C1B5409B90066B38C = {
						CreatedOnToolsVersion = 6.4;
						DevelopmentTeam = ZX7GUMJ35C;
					};
					DB458B841B5409B90066B38C = {
						CreatedOnToolsVersion = 6.4;
						TestTargetID = DB458B6C1B5409B90066B38C;
					};
				};
			};
			buildConfigurationList = DB458B681B5409B90066B38C /* Build configuration list for PBXProject "FinalChallenge" */;
			compatibilityVersion = "Xcode 3.2";
			developmentRegion = English;
			hasScannedForEncodings = 0;
			knownRegions = (
				en,
				Base,
			);
			mainGroup = DB458B641B5409B90066B38C;
			productRefGroup = DB458B6E1B5409B90066B38C /* Products */;
			projectDirPath = "";
			projectRoot = "";
			targets = (
				DB458B6C1B5409B90066B38C /* FinalChallenge */,
				DB458B841B5409B90066B38C /* FinalChallengeTests */,
			);
		};
/* End PBXProject section */

/* Begin PBXResourcesBuildPhase section */
		DB458B6B1B5409B90066B38C /* Resources */ = {
			isa = PBXResourcesBuildPhase;
			buildActionMask = 2147483647;
			files = (
				B5DD1B4C1B8F745700AA1EB6 /* explosionSound.wav in Resources */,
				26D6DA541B94CA7700E94400 /* bombSceneAssets.xcassets in Resources */,
				26B2D9C11B87A8B20056015F /* teste.sks in Resources */,
				DB458B7B1B5409B90066B38C /* Main.storyboard in Resources */,
				26547BB31B9F4D59003DFD73 /* SetupParty.xcassets in Resources */,
				5E9EB33B1BDEA4D6003974EB /* tutorial.atlas in Resources */,
				26D6DA4E1B94BEE800E94400 /* bombGame.atlas in Resources */,
				B5DD1B521B8F8D0500AA1EB6 /* bubbleSound2.wav in Resources */,
				B5F60BBA1B83B76E00786728 /* MyParticle.sks in Resources */,
				B57B33651B864EC7000E5F53 /* PlayerParticle.sks in Resources */,
				B5F60BC21B84FA0400786728 /* MyParticle2.sks in Resources */,
				B5DD1B501B8F888200AA1EB6 /* bubbleSound.mp3 in Resources */,
				B5DD1B4A1B8F73D300AA1EB6 /* wavesSound.wav in Resources */,
				2605B2471BD9630900DAE7D1 /* maingame.mp3 in Resources */,
				2605B24B1BD965FF00DAE7D1 /* flappymusic.mp3 in Resources */,
				2682DF6F1BB4838900ACF1A6 /* popup.atlas in Resources */,
				5E60396C1B84F03100F63DC3 /* bubble.atlas in Resources */,
				DB458B801B5409B90066B38C /* LaunchScreen.xib in Resources */,
				26547BBA1B9F696E003DFD73 /* setupParticle1.sks in Resources */,
				2605B2491BD9649500DAE7D1 /* bombgame.mp3 in Resources */,
				B5F60BBB1B83B76E00786728 /* spark.png in Resources */,
				DBF7C0C01B98D4EE0010FCFE /* PuffGameScene.sks in Resources */,
				262C07F31BD02B3400246DF5 /* roboPadAssets.xcassets in Resources */,
				B5DD1B3C1B8799B200AA1EB6 /* GameOverScene.sks in Resources */,
				26D019781B84FF0400C5C73D /* bubbleparticle.png in Resources */,
				DB8C2C2F1BB06D6B0080C2D2 /* board_3.xml in Resources */,
				26B2D9BF1B87A8920056015F /* fish.atlas in Resources */,
				DBF7C0C21B98D50E0010FCFE /* PuffGameControl.sks in Resources */,
				2661C40C1BB082A9003A49F9 /* tutorialassets.xcassets in Resources */,
				5EE219F81BD0280800D6EF98 /* coinParticle.sks in Resources */,
				26CF809A1B8CD59000DFCB73 /* fireBombParticle.sks in Resources */,
				B57B33671B86566E000E5F53 /* GameOver.xib in Resources */,
				5E6039741B85017700F63DC3 /* rock.atlas in Resources */,
				DB98FEA61B825ED300AD5098 /* board_1.xml in Resources */,
				5EC7FF8A1BC81E9500494CE4 /* charSprites.atlas in Resources */,
				DB73E8141B72838D00F7D7C7 /* Board.sks in Resources */,
				DB42C9BC1BA9D59400D6D247 /* Board.atlas in Resources */,
				269F18B01B86583000EAD94F /* wind.atlas in Resources */,
				DB458B7D1B5409B90066B38C /* Images.xcassets in Resources */,
				4473647D1B9A065400C8AD9D /* puffGame.atlas in Resources */,
				B5DD1B541B8F90EC00AA1EB6 /* funMusic.mp3 in Resources */,
				5ED294DB1BBD96B50073B148 /* cards.atlas in Resources */,
				DB129D691BB31D15002B4862 /* squarePopUp.atlas in Resources */,
				DBE862051B850DB700C8099E /* board_2.xml in Resources */,
				5E51FBE61BD0315E00F482A6 /* endgameassets.xcassets in Resources */,
				B5B929241BC6F52400DD2C46 /* cardThrowSound.wav in Resources */,
				B5CD203B1BBDA86600D184F6 /* avatar.atlas in Resources */,
				DBE862091B863BD400C8099E /* MainBoard.sks in Resources */,
			);
			runOnlyForDeploymentPostprocessing = 0;
		};
		DB458B831B5409B90066B38C /* Resources */ = {
			isa = PBXResourcesBuildPhase;
			buildActionMask = 2147483647;
			files = (
			);
			runOnlyForDeploymentPostprocessing = 0;
		};
/* End PBXResourcesBuildPhase section */

/* Begin PBXSourcesBuildPhase section */
		DB458B691B5409B90066B38C /* Sources */ = {
			isa = PBXSourcesBuildPhase;
			buildActionMask = 2147483647;
			files = (
				DBF7C0C41B98D5430010FCFE /* PuffGameScene.swift in Sources */,
				5E7E45BC1B960AC600249B8A /* MinigameDescriptionViewController.swift in Sources */,
				5E5A64A61BC6EC6B00D5AC09 /* TestViewController.swift in Sources */,
				5ED9E87E1B7128060073FB7B /* FlappyGameScene.swift in Sources */,
				B5DD1B471B8F712A00AA1EB6 /* AudioSource.swift in Sources */,
				B5AFAD1A1BA1E6380005F19E /* MinigameCollectionScene.swift in Sources */,
				26CF809C1B8CD67E00DFCB73 /* FireBombSpark.swift in Sources */,
				5E9EB3301BDE89DF003974EB /* InformationBoxNode.swift in Sources */,
				B5DD1B3E1B87AE9D00AA1EB6 /* GameManager.swift in Sources */,
				5E68DAAB1BA9ECCB00DB14FB /* PlayerButtonNode.swift in Sources */,
				DB495B211BC6E32800A8E0DE /* BoardNode.swift in Sources */,
				5ED294E01BBD9C030073B148 /* GamePadScene.swift in Sources */,
				B5279F8F1BB06CE10015DBE7 /* NotActiveCard.swift in Sources */,
				5EE267D71BC2A49D0006E5BD /* NotificationNode.swift in Sources */,
				5E677F071B8B877F00238881 /* SwipeGamePadControllerViewController.swift in Sources */,
				5E0E060A1B8E384300CE166E /* CGVector+Extension.swift in Sources */,
				DBE862071B8552C800C8099E /* MainBoard.swift in Sources */,
				B51663EF1B7D0D720040A1B4 /* GamePadController.swift in Sources */,
				5E4299321BB9880E004B1DF9 /* StoreButtonNode.swift in Sources */,
				B579AB681BB332E700B9D181 /* MoveBackCard.swift in Sources */,
				5EA49E0A1B87B59100AC51F8 /* MinigameScene.swift in Sources */,
				5E68AD7F1B8CD57C00FD4404 /* BombWallNode.swift in Sources */,
				5E8F9DD71B7D0052004514D0 /* InitialViewController.swift in Sources */,
				26547BAD1B9F4736003DFD73 /* SetupPartyScene.swift in Sources */,
				5EB9EE6F1B8412A90003C980 /* FlappyPowerupNode.swift in Sources */,
				5E8F9DE11B7D1663004514D0 /* Array+Extension.swift in Sources */,
				DBF7C0C61B98D8050010FCFE /* PuffGameViewController.swift in Sources */,
				B5AFAD081B94C1DD0005F19E /* MinigameCollectionViewController.swift in Sources */,
				DB4E51FF1B714194008333D3 /* ConnectionManager.swift in Sources */,
				B5AFAD0F1B9608F70005F19E /* PartyModeScene.swift in Sources */,
				5E531C5A1B87AA6500BBBD29 /* MessagesEnum.swift in Sources */,
				B5DD1B401B8B7B1F00AA1EB6 /* CustomGameOverCell.swift in Sources */,
				B5279F8D1BB06CB00015DBE7 /* ActiveCard.swift in Sources */,
				5E5AA4BA1BDFD9C300596CC4 /* SetupPartyButton.swift in Sources */,
				5E70C7D31B9A0DB1005C753B /* NoAnimationSegue.swift in Sources */,
				DB73E8121B72834400F7D7C7 /* BoardGraph.swift in Sources */,
				26B2D9C91B87AE570056015F /* MiniGameViewController.swift in Sources */,
				B5279F931BB08C7D0015DBE7 /* StealGoldCard.swift in Sources */,
				5EF605F31B9CE49E0075504E /* CGFloat+Extension.swift in Sources */,
				DBF7C0C81B98DDB90010FCFE /* PuffGamePad.swift in Sources */,
				B552F3101BD17375005FB7BC /* TutorialNodeScene.swift in Sources */,
				264D0CDE1B9F6AE6005B7EE9 /* SetupParticle.swift in Sources */,
				5E4299341BB9914F004B1DF9 /* CardShowNode.swift in Sources */,
				5E5A64A41BC6E26B00D5AC09 /* PlayerNode.swift in Sources */,
				DBC57FE41B83AEC300CA0232 /* BoardScene.swift in Sources */,
				5ED294DE1BBD9AAA0073B148 /* AccelerometerScene.swift in Sources */,
				DB73E8161B7286A800F7D7C7 /* BoardViewController.swift in Sources */,
				B5A7685D1BBEF4B3006819B9 /* EndGameScene.swift in Sources */,
				5E840FFE1BA9CBB00099B16B /* CardCarousellNode.swift in Sources */,
				B5840CC81BC43E1D006E741B /* EndGameIphoneScene.swift in Sources */,
				5E5A64A81BC6EC7C00D5AC09 /* TestScene.swift in Sources */,
				5E2095991BB973F2002FC8AF /* StoreScene.swift in Sources */,
				4473647F1B9A1DE800C8AD9D /* PuffPlayer.swift in Sources */,
				26B2D9C71B87AC030056015F /* BombTGameScene.swift in Sources */,
				DBC57FE21B83AEA200CA0232 /* XMLParser.swift in Sources */,
				5EE219F61BD0161300D6EF98 /* DiceNode.swift in Sources */,
				B5279F8B1BB06C220015DBE7 /* Card.swift in Sources */,
				B5AFAD111B9761960005F19E /* PartyModeViewControllerIPAD.swift in Sources */,
				5E68AD7B1B8CCD3E00FD4404 /* BombPlayerNode.swift in Sources */,
				B57B33691B8656D7000E5F53 /* GameOverXib.swift in Sources */,
				5E8410001BA9CC000099B16B /* PlayerControllerScene.swift in Sources */,
				DB458B781B5409B90066B38C /* ViewController.swift in Sources */,
				B5F60BC01B84ECB500786728 /* FlappyParticleNode.swift in Sources */,
				5E7DCE911B82447B00229F04 /* FlappyPlayerNode.swift in Sources */,
				447891DB1BBEF2120094E16B /* CardManager.swift in Sources */,
				5E9EB3321BDE8A44003974EB /* InformationArrowNode.swift in Sources */,
				5ED294E21BBD9D380073B148 /* SwipeScene.swift in Sources */,
				2661C40A1BB07EEC003A49F9 /* TutorialScene.swift in Sources */,
				5E9EB3351BDE97CB003974EB /* TutorialManager.swift in Sources */,
				B5AFAD0A1B94C3770005F19E /* CustomMinigameCollectionView.swift in Sources */,
				B503E3F41BAB2FA400C6284A /* GameOverSceneMP.swift in Sources */,
				4445D7C51B98C99F0049B787 /* AlertPath.swift in Sources */,
				DB458B761B5409B90066B38C /* FinalChallenge.xcdatamodeld in Sources */,
				5E1C59C91BB0771200BCDE1C /* CardSprite.swift in Sources */,
				B579AB6A1BB3358800B9D181 /* LoseOneCard.swift in Sources */,
				DB458B731B5409B90066B38C /* AppDelegate.swift in Sources */,
				DB1748C01B8CF2DC00201BA2 /* iPhonePlayerViewController.swift in Sources */,
				B5F60BBE1B83C36C00786728 /* Player.swift in Sources */,
				262C07F11BD0298A00246DF5 /* TestterViewController.swift in Sources */,
				5E3F1CB61B82658600F27D49 /* FlappyStoneNode.swift in Sources */,
				B5DD1B441B8CD53400AA1EB6 /* AccelerometerGamePadController.swift in Sources */,
				5EE219FA1BD028D700D6EF98 /* EndGameParticleNode.swift in Sources */,
				B5AFAD151BA09BD40005F19E /* GameOverSceneSP.swift in Sources */,
			);
			runOnlyForDeploymentPostprocessing = 0;
		};
		DB458B811B5409B90066B38C /* Sources */ = {
			isa = PBXSourcesBuildPhase;
			buildActionMask = 2147483647;
			files = (
				DB458B8C1B5409B90066B38C /* FinalChallengeTests.swift in Sources */,
			);
			runOnlyForDeploymentPostprocessing = 0;
		};
/* End PBXSourcesBuildPhase section */

/* Begin PBXTargetDependency section */
		DB458B871B5409B90066B38C /* PBXTargetDependency */ = {
			isa = PBXTargetDependency;
			target = DB458B6C1B5409B90066B38C /* FinalChallenge */;
			targetProxy = DB458B861B5409B90066B38C /* PBXContainerItemProxy */;
		};
/* End PBXTargetDependency section */

/* Begin PBXVariantGroup section */
		DB458B791B5409B90066B38C /* Main.storyboard */ = {
			isa = PBXVariantGroup;
			children = (
				DB458B7A1B5409B90066B38C /* Base */,
			);
			name = Main.storyboard;
			sourceTree = "<group>";
		};
		DB458B7E1B5409B90066B38C /* LaunchScreen.xib */ = {
			isa = PBXVariantGroup;
			children = (
				DB458B7F1B5409B90066B38C /* Base */,
			);
			name = LaunchScreen.xib;
			sourceTree = "<group>";
		};
/* End PBXVariantGroup section */

/* Begin XCBuildConfiguration section */
		DB458B8D1B5409B90066B38C /* Debug */ = {
			isa = XCBuildConfiguration;
			buildSettings = {
				ALWAYS_SEARCH_USER_PATHS = NO;
				CLANG_CXX_LANGUAGE_STANDARD = "gnu++0x";
				CLANG_CXX_LIBRARY = "libc++";
				CLANG_ENABLE_MODULES = YES;
				CLANG_ENABLE_OBJC_ARC = YES;
				CLANG_WARN_BOOL_CONVERSION = YES;
				CLANG_WARN_CONSTANT_CONVERSION = YES;
				CLANG_WARN_DIRECT_OBJC_ISA_USAGE = YES_ERROR;
				CLANG_WARN_EMPTY_BODY = YES;
				CLANG_WARN_ENUM_CONVERSION = YES;
				CLANG_WARN_INT_CONVERSION = YES;
				CLANG_WARN_OBJC_ROOT_CLASS = YES_ERROR;
				CLANG_WARN_UNREACHABLE_CODE = YES;
				CLANG_WARN__DUPLICATE_METHOD_MATCH = YES;
				"CODE_SIGN_IDENTITY[sdk=iphoneos*]" = "iPhone Developer";
				COPY_PHASE_STRIP = NO;
				DEBUG_INFORMATION_FORMAT = "dwarf-with-dsym";
				ENABLE_STRICT_OBJC_MSGSEND = YES;
				ENABLE_TESTABILITY = YES;
				GCC_C_LANGUAGE_STANDARD = gnu99;
				GCC_DYNAMIC_NO_PIC = NO;
				GCC_NO_COMMON_BLOCKS = YES;
				GCC_OPTIMIZATION_LEVEL = 0;
				GCC_PREPROCESSOR_DEFINITIONS = (
					"DEBUG=1",
					"$(inherited)",
				);
				GCC_SYMBOLS_PRIVATE_EXTERN = NO;
				GCC_WARN_64_TO_32_BIT_CONVERSION = YES;
				GCC_WARN_ABOUT_RETURN_TYPE = YES_ERROR;
				GCC_WARN_UNDECLARED_SELECTOR = YES;
				GCC_WARN_UNINITIALIZED_AUTOS = YES_AGGRESSIVE;
				GCC_WARN_UNUSED_FUNCTION = YES;
				GCC_WARN_UNUSED_VARIABLE = YES;
				IPHONEOS_DEPLOYMENT_TARGET = 9.0;
				MTL_ENABLE_DEBUG_INFO = YES;
				ONLY_ACTIVE_ARCH = YES;
				SDKROOT = iphoneos;
				SWIFT_OPTIMIZATION_LEVEL = "-Onone";
				TARGETED_DEVICE_FAMILY = "1,2";
			};
			name = Debug;
		};
		DB458B8E1B5409B90066B38C /* Release */ = {
			isa = XCBuildConfiguration;
			buildSettings = {
				ALWAYS_SEARCH_USER_PATHS = NO;
				CLANG_CXX_LANGUAGE_STANDARD = "gnu++0x";
				CLANG_CXX_LIBRARY = "libc++";
				CLANG_ENABLE_MODULES = YES;
				CLANG_ENABLE_OBJC_ARC = YES;
				CLANG_WARN_BOOL_CONVERSION = YES;
				CLANG_WARN_CONSTANT_CONVERSION = YES;
				CLANG_WARN_DIRECT_OBJC_ISA_USAGE = YES_ERROR;
				CLANG_WARN_EMPTY_BODY = YES;
				CLANG_WARN_ENUM_CONVERSION = YES;
				CLANG_WARN_INT_CONVERSION = YES;
				CLANG_WARN_OBJC_ROOT_CLASS = YES_ERROR;
				CLANG_WARN_UNREACHABLE_CODE = YES;
				CLANG_WARN__DUPLICATE_METHOD_MATCH = YES;
				"CODE_SIGN_IDENTITY[sdk=iphoneos*]" = "iPhone Developer";
				COPY_PHASE_STRIP = NO;
				DEBUG_INFORMATION_FORMAT = "dwarf-with-dsym";
				ENABLE_NS_ASSERTIONS = NO;
				ENABLE_STRICT_OBJC_MSGSEND = YES;
				GCC_C_LANGUAGE_STANDARD = gnu99;
				GCC_NO_COMMON_BLOCKS = YES;
				GCC_WARN_64_TO_32_BIT_CONVERSION = YES;
				GCC_WARN_ABOUT_RETURN_TYPE = YES_ERROR;
				GCC_WARN_UNDECLARED_SELECTOR = YES;
				GCC_WARN_UNINITIALIZED_AUTOS = YES_AGGRESSIVE;
				GCC_WARN_UNUSED_FUNCTION = YES;
				GCC_WARN_UNUSED_VARIABLE = YES;
				IPHONEOS_DEPLOYMENT_TARGET = 9.0;
				MTL_ENABLE_DEBUG_INFO = NO;
				SDKROOT = iphoneos;
				TARGETED_DEVICE_FAMILY = "1,2";
				VALIDATE_PRODUCT = YES;
			};
			name = Release;
		};
		DB458B901B5409B90066B38C /* Debug */ = {
			isa = XCBuildConfiguration;
			buildSettings = {
				ASSETCATALOG_COMPILER_APPICON_NAME = AppIcon;
				CODE_SIGN_IDENTITY = "iPhone Developer";
				"CODE_SIGN_IDENTITY[sdk=iphoneos*]" = "iPhone Developer";
				INFOPLIST_FILE = FinalChallenge/Info.plist;
				IPHONEOS_DEPLOYMENT_TARGET = 9.0;
				LD_RUNPATH_SEARCH_PATHS = "$(inherited) @executable_path/Frameworks";
				PRODUCT_BUNDLE_IDENTIFIER = com.giacomuzzi.FinalChallenge;
				PRODUCT_NAME = "$(TARGET_NAME)";
				PROVISIONING_PROFILE = "";
				TARGETED_DEVICE_FAMILY = "1,2";
			};
			name = Debug;
		};
		DB458B911B5409B90066B38C /* Release */ = {
			isa = XCBuildConfiguration;
			buildSettings = {
				ASSETCATALOG_COMPILER_APPICON_NAME = AppIcon;
				CODE_SIGN_IDENTITY = "iPhone Developer";
				"CODE_SIGN_IDENTITY[sdk=iphoneos*]" = "iPhone Developer";
				INFOPLIST_FILE = FinalChallenge/Info.plist;
				IPHONEOS_DEPLOYMENT_TARGET = 9.0;
				LD_RUNPATH_SEARCH_PATHS = "$(inherited) @executable_path/Frameworks";
				PRODUCT_BUNDLE_IDENTIFIER = com.giacomuzzi.FinalChallenge;
				PRODUCT_NAME = "$(TARGET_NAME)";
				PROVISIONING_PROFILE = "";
				TARGETED_DEVICE_FAMILY = "1,2";
			};
			name = Release;
		};
		DB458B931B5409B90066B38C /* Debug */ = {
			isa = XCBuildConfiguration;
			buildSettings = {
				BUNDLE_LOADER = "$(TEST_HOST)";
				FRAMEWORK_SEARCH_PATHS = (
					"$(SDKROOT)/Developer/Library/Frameworks",
					"$(inherited)",
				);
				GCC_PREPROCESSOR_DEFINITIONS = (
					"DEBUG=1",
					"$(inherited)",
				);
				INFOPLIST_FILE = FinalChallengeTests/Info.plist;
				LD_RUNPATH_SEARCH_PATHS = "$(inherited) @executable_path/Frameworks @loader_path/Frameworks";
				PRODUCT_BUNDLE_IDENTIFIER = "com.giacomuzzi.$(PRODUCT_NAME:rfc1034identifier)";
				PRODUCT_NAME = "$(TARGET_NAME)";
				TEST_HOST = "$(BUILT_PRODUCTS_DIR)/FinalChallenge.app/FinalChallenge";
			};
			name = Debug;
		};
		DB458B941B5409B90066B38C /* Release */ = {
			isa = XCBuildConfiguration;
			buildSettings = {
				BUNDLE_LOADER = "$(TEST_HOST)";
				FRAMEWORK_SEARCH_PATHS = (
					"$(SDKROOT)/Developer/Library/Frameworks",
					"$(inherited)",
				);
				INFOPLIST_FILE = FinalChallengeTests/Info.plist;
				LD_RUNPATH_SEARCH_PATHS = "$(inherited) @executable_path/Frameworks @loader_path/Frameworks";
				PRODUCT_BUNDLE_IDENTIFIER = "com.giacomuzzi.$(PRODUCT_NAME:rfc1034identifier)";
				PRODUCT_NAME = "$(TARGET_NAME)";
				TEST_HOST = "$(BUILT_PRODUCTS_DIR)/FinalChallenge.app/FinalChallenge";
			};
			name = Release;
		};
/* End XCBuildConfiguration section */

/* Begin XCConfigurationList section */
		DB458B681B5409B90066B38C /* Build configuration list for PBXProject "FinalChallenge" */ = {
			isa = XCConfigurationList;
			buildConfigurations = (
				DB458B8D1B5409B90066B38C /* Debug */,
				DB458B8E1B5409B90066B38C /* Release */,
			);
			defaultConfigurationIsVisible = 0;
			defaultConfigurationName = Release;
		};
		DB458B8F1B5409B90066B38C /* Build configuration list for PBXNativeTarget "FinalChallenge" */ = {
			isa = XCConfigurationList;
			buildConfigurations = (
				DB458B901B5409B90066B38C /* Debug */,
				DB458B911B5409B90066B38C /* Release */,
			);
			defaultConfigurationIsVisible = 0;
			defaultConfigurationName = Release;
		};
		DB458B921B5409B90066B38C /* Build configuration list for PBXNativeTarget "FinalChallengeTests" */ = {
			isa = XCConfigurationList;
			buildConfigurations = (
				DB458B931B5409B90066B38C /* Debug */,
				DB458B941B5409B90066B38C /* Release */,
			);
			defaultConfigurationIsVisible = 0;
			defaultConfigurationName = Release;
		};
/* End XCConfigurationList section */

/* Begin XCVersionGroup section */
		DB458B741B5409B90066B38C /* FinalChallenge.xcdatamodeld */ = {
			isa = XCVersionGroup;
			children = (
				DB458B751B5409B90066B38C /* FinalChallenge.xcdatamodel */,
			);
			currentVersion = DB458B751B5409B90066B38C /* FinalChallenge.xcdatamodel */;
			path = FinalChallenge.xcdatamodeld;
			sourceTree = "<group>";
			versionGroupType = wrapper.xcdatamodel;
		};
/* End XCVersionGroup section */
	};
	rootObject = DB458B651B5409B90066B38C /* Project object */;
}
